
Microsoft Visual Studio Solution File, Format Version 12.00
# Visual Studio Express 2013 for Windows Desktop
VisualStudioVersion = 12.0.30501.0
MinimumVisualStudioVersion = 10.0.40219.1
Project("{8BC9CEB8-8B4A-11D0-8D11-00A0C91BC942}") = "Hect", "Hect.vcxproj", "{EAFD1572-5569-4643-A694-7F8F8D66E3AE}"
	ProjectSection(ProjectDependencies) = postProject
		{7BA6F903-7248-467B-B171-843BBA603AE0} = {7BA6F903-7248-467B-B171-843BBA603AE0}
		{F8DC1D2D-EDF4-4949-BA12-80F8A652DC89} = {F8DC1D2D-EDF4-4949-BA12-80F8A652DC89}
		{6D545E59-6771-4434-9919-58C356610D54} = {6D545E59-6771-4434-9919-58C356610D54}
		{8EA16E83-655D-49FE-B632-7EE597619380} = {8EA16E83-655D-49FE-B632-7EE597619380}
		{926F3FAA-1A31-495A-A320-55C505530865} = {926F3FAA-1A31-495A-A320-55C505530865}
		{47AFF5C0-D11A-428C-9462-94938CFA6564} = {47AFF5C0-D11A-428C-9462-94938CFA6564}
		{7A5EAAD7-89F1-43C7-A5B4-1AC4FFECA75D} = {7A5EAAD7-89F1-43C7-A5B4-1AC4FFECA75D}
		{8A40F4E7-7350-4693-8346-2B706CC061E2} = {8A40F4E7-7350-4693-8346-2B706CC061E2}
	EndProjectSection
EndProject
Project("{8BC9CEB8-8B4A-11D0-8D11-00A0C91BC942}") = "Bullet", "Dependencies\Bullet\Bullet.vcxproj", "{F8DC1D2D-EDF4-4949-BA12-80F8A652DC89}"
EndProject
Project("{8BC9CEB8-8B4A-11D0-8D11-00A0C91BC942}") = "ENet", "Dependencies\ENet\ENet.vcxproj", "{6D545E59-6771-4434-9919-58C356610D54}"
EndProject
Project("{8BC9CEB8-8B4A-11D0-8D11-00A0C91BC942}") = "Glew", "Dependencies\Glew\Glew.vcxproj", "{7A5EAAD7-89F1-43C7-A5B4-1AC4FFECA75D}"
EndProject
Project("{8BC9CEB8-8B4A-11D0-8D11-00A0C91BC942}") = "JsonCpp", "Dependencies\JsonCpp\JsonCpp.vcxproj", "{47AFF5C0-D11A-428C-9462-94938CFA6564}"
EndProject
Project("{8BC9CEB8-8B4A-11D0-8D11-00A0C91BC942}") = "LodePng", "Dependencies\LodePng\LodePng.vcxproj", "{7BA6F903-7248-467B-B171-843BBA603AE0}"
EndProject
Project("{8BC9CEB8-8B4A-11D0-8D11-00A0C91BC942}") = "PhysFS", "Dependencies\PhysFS\PhysFS.vcxproj", "{8A40F4E7-7350-4693-8346-2B706CC061E2}"
EndProject
Project("{2150E333-8FDC-42A3-9474-1A3956D46DE8}") = "Dependencies", "Dependencies", "{FB42392A-D068-4F70-85AA-03A4106BA9DF}"
EndProject
Project("{2150E333-8FDC-42A3-9474-1A3956D46DE8}") = "Zeroth", "Zeroth", "{201932AF-4D78-4D95-A953-02568B097C9C}"
EndProject
Project("{8BC9CEB8-8B4A-11D0-8D11-00A0C91BC942}") = "Zeroth", "Zeroth\Zeroth.vcxproj", "{72CB48E3-C8C9-49A5-89BC-708142D363ED}"
EndProject
Project("{8BC9CEB8-8B4A-11D0-8D11-00A0C91BC942}") = "Tests", "Tests\Tests.vcxproj", "{F04C007D-2602-4CDC-8396-40D206256003}"
EndProject
Project("{8BC9CEB8-8B4A-11D0-8D11-00A0C91BC942}") = "Docs", "Docs\Docs.vcxproj", "{926F3FAA-1A31-495A-A320-55C505530865}"
EndProject
Project("{8BC9CEB8-8B4A-11D0-8D11-00A0C91BC942}") = "Reflect", "Reflect\Reflect.vcxproj", "{8EA16E83-655D-49FE-B632-7EE597619380}"
	ProjectSection(ProjectDependencies) = postProject
		{926F3FAA-1A31-495A-A320-55C505530865} = {926F3FAA-1A31-495A-A320-55C505530865}
	EndProjectSection
EndProject
Global
	GlobalSection(SolutionConfigurationPlatforms) = preSolution
		Debug|Mixed Platforms = Debug|Mixed Platforms
		Debug|Win32 = Debug|Win32
		Debug|x64 = Debug|x64
		Release|Mixed Platforms = Release|Mixed Platforms
		Release|Win32 = Release|Win32
		Release|x64 = Release|x64
	EndGlobalSection
	GlobalSection(ProjectConfigurationPlatforms) = postSolution
		{EAFD1572-5569-4643-A694-7F8F8D66E3AE}.Debug|Mixed Platforms.ActiveCfg = Debug|Win32
		{EAFD1572-5569-4643-A694-7F8F8D66E3AE}.Debug|Mixed Platforms.Build.0 = Debug|Win32
		{EAFD1572-5569-4643-A694-7F8F8D66E3AE}.Debug|Win32.ActiveCfg = Debug|Win32
		{EAFD1572-5569-4643-A694-7F8F8D66E3AE}.Debug|Win32.Build.0 = Debug|Win32
		{EAFD1572-5569-4643-A694-7F8F8D66E3AE}.Debug|x64.ActiveCfg = Debug|x64
		{EAFD1572-5569-4643-A694-7F8F8D66E3AE}.Debug|x64.Build.0 = Debug|x64
		{EAFD1572-5569-4643-A694-7F8F8D66E3AE}.Release|Mixed Platforms.ActiveCfg = Release|Win32
		{EAFD1572-5569-4643-A694-7F8F8D66E3AE}.Release|Mixed Platforms.Build.0 = Release|Win32
		{EAFD1572-5569-4643-A694-7F8F8D66E3AE}.Release|Win32.ActiveCfg = Release|Win32
		{EAFD1572-5569-4643-A694-7F8F8D66E3AE}.Release|Win32.Build.0 = Release|Win32
		{EAFD1572-5569-4643-A694-7F8F8D66E3AE}.Release|x64.ActiveCfg = Release|x64
		{EAFD1572-5569-4643-A694-7F8F8D66E3AE}.Release|x64.Build.0 = Release|x64
		{F8DC1D2D-EDF4-4949-BA12-80F8A652DC89}.Debug|Mixed Platforms.ActiveCfg = Debug|Win32
		{F8DC1D2D-EDF4-4949-BA12-80F8A652DC89}.Debug|Mixed Platforms.Build.0 = Debug|Win32
		{F8DC1D2D-EDF4-4949-BA12-80F8A652DC89}.Debug|Win32.ActiveCfg = Debug|Win32
		{F8DC1D2D-EDF4-4949-BA12-80F8A652DC89}.Debug|Win32.Build.0 = Debug|Win32
		{F8DC1D2D-EDF4-4949-BA12-80F8A652DC89}.Debug|x64.ActiveCfg = Debug|x64
		{F8DC1D2D-EDF4-4949-BA12-80F8A652DC89}.Debug|x64.Build.0 = Debug|x64
		{F8DC1D2D-EDF4-4949-BA12-80F8A652DC89}.Release|Mixed Platforms.ActiveCfg = Release|Win32
		{F8DC1D2D-EDF4-4949-BA12-80F8A652DC89}.Release|Mixed Platforms.Build.0 = Release|Win32
		{F8DC1D2D-EDF4-4949-BA12-80F8A652DC89}.Release|Win32.ActiveCfg = Release|Win32
		{F8DC1D2D-EDF4-4949-BA12-80F8A652DC89}.Release|Win32.Build.0 = Release|Win32
		{F8DC1D2D-EDF4-4949-BA12-80F8A652DC89}.Release|x64.ActiveCfg = Release|x64
		{F8DC1D2D-EDF4-4949-BA12-80F8A652DC89}.Release|x64.Build.0 = Release|x64
		{6D545E59-6771-4434-9919-58C356610D54}.Debug|Mixed Platforms.ActiveCfg = Debug|Win32
		{6D545E59-6771-4434-9919-58C356610D54}.Debug|Mixed Platforms.Build.0 = Debug|Win32
		{6D545E59-6771-4434-9919-58C356610D54}.Debug|Win32.ActiveCfg = Debug|Win32
		{6D545E59-6771-4434-9919-58C356610D54}.Debug|Win32.Build.0 = Debug|Win32
		{6D545E59-6771-4434-9919-58C356610D54}.Debug|x64.ActiveCfg = Debug|x64
		{6D545E59-6771-4434-9919-58C356610D54}.Debug|x64.Build.0 = Debug|x64
		{6D545E59-6771-4434-9919-58C356610D54}.Release|Mixed Platforms.ActiveCfg = Release|Win32
		{6D545E59-6771-4434-9919-58C356610D54}.Release|Mixed Platforms.Build.0 = Release|Win32
		{6D545E59-6771-4434-9919-58C356610D54}.Release|Win32.ActiveCfg = Release|Win32
		{6D545E59-6771-4434-9919-58C356610D54}.Release|Win32.Build.0 = Release|Win32
		{6D545E59-6771-4434-9919-58C356610D54}.Release|x64.ActiveCfg = Release|x64
		{6D545E59-6771-4434-9919-58C356610D54}.Release|x64.Build.0 = Release|x64
		{7A5EAAD7-89F1-43C7-A5B4-1AC4FFECA75D}.Debug|Mixed Platforms.ActiveCfg = Debug|Win32
		{7A5EAAD7-89F1-43C7-A5B4-1AC4FFECA75D}.Debug|Mixed Platforms.Build.0 = Debug|Win32
		{7A5EAAD7-89F1-43C7-A5B4-1AC4FFECA75D}.Debug|Win32.ActiveCfg = Debug|Win32
		{7A5EAAD7-89F1-43C7-A5B4-1AC4FFECA75D}.Debug|Win32.Build.0 = Debug|Win32
		{7A5EAAD7-89F1-43C7-A5B4-1AC4FFECA75D}.Debug|x64.ActiveCfg = Debug|x64
		{7A5EAAD7-89F1-43C7-A5B4-1AC4FFECA75D}.Debug|x64.Build.0 = Debug|x64
		{7A5EAAD7-89F1-43C7-A5B4-1AC4FFECA75D}.Release|Mixed Platforms.ActiveCfg = Release|Win32
		{7A5EAAD7-89F1-43C7-A5B4-1AC4FFECA75D}.Release|Mixed Platforms.Build.0 = Release|Win32
		{7A5EAAD7-89F1-43C7-A5B4-1AC4FFECA75D}.Release|Win32.ActiveCfg = Release|Win32
		{7A5EAAD7-89F1-43C7-A5B4-1AC4FFECA75D}.Release|Win32.Build.0 = Release|Win32
		{7A5EAAD7-89F1-43C7-A5B4-1AC4FFECA75D}.Release|x64.ActiveCfg = Release|x64
		{7A5EAAD7-89F1-43C7-A5B4-1AC4FFECA75D}.Release|x64.Build.0 = Release|x64
		{47AFF5C0-D11A-428C-9462-94938CFA6564}.Debug|Mixed Platforms.ActiveCfg = Debug|Win32
		{47AFF5C0-D11A-428C-9462-94938CFA6564}.Debug|Mixed Platforms.Build.0 = Debug|Win32
		{47AFF5C0-D11A-428C-9462-94938CFA6564}.Debug|Win32.ActiveCfg = Debug|Win32
		{47AFF5C0-D11A-428C-9462-94938CFA6564}.Debug|Win32.Build.0 = Debug|Win32
		{47AFF5C0-D11A-428C-9462-94938CFA6564}.Debug|x64.ActiveCfg = Debug|x64
		{47AFF5C0-D11A-428C-9462-94938CFA6564}.Debug|x64.Build.0 = Debug|x64
		{47AFF5C0-D11A-428C-9462-94938CFA6564}.Release|Mixed Platforms.ActiveCfg = Release|Win32
		{47AFF5C0-D11A-428C-9462-94938CFA6564}.Release|Mixed Platforms.Build.0 = Release|Win32
		{47AFF5C0-D11A-428C-9462-94938CFA6564}.Release|Win32.ActiveCfg = Release|Win32
		{47AFF5C0-D11A-428C-9462-94938CFA6564}.Release|Win32.Build.0 = Release|Win32
		{47AFF5C0-D11A-428C-9462-94938CFA6564}.Release|x64.ActiveCfg = Release|x64
		{47AFF5C0-D11A-428C-9462-94938CFA6564}.Release|x64.Build.0 = Release|x64
		{7BA6F903-7248-467B-B171-843BBA603AE0}.Debug|Mixed Platforms.ActiveCfg = Debug|Win32
		{7BA6F903-7248-467B-B171-843BBA603AE0}.Debug|Mixed Platforms.Build.0 = Debug|Win32
		{7BA6F903-7248-467B-B171-843BBA603AE0}.Debug|Win32.ActiveCfg = Debug|Win32
		{7BA6F903-7248-467B-B171-843BBA603AE0}.Debug|Win32.Build.0 = Debug|Win32
		{7BA6F903-7248-467B-B171-843BBA603AE0}.Debug|x64.ActiveCfg = Debug|x64
		{7BA6F903-7248-467B-B171-843BBA603AE0}.Debug|x64.Build.0 = Debug|x64
		{7BA6F903-7248-467B-B171-843BBA603AE0}.Release|Mixed Platforms.ActiveCfg = Release|Win32
		{7BA6F903-7248-467B-B171-843BBA603AE0}.Release|Mixed Platforms.Build.0 = Release|Win32
		{7BA6F903-7248-467B-B171-843BBA603AE0}.Release|Win32.ActiveCfg = Release|Win32
		{7BA6F903-7248-467B-B171-843BBA603AE0}.Release|Win32.Build.0 = Release|Win32
		{7BA6F903-7248-467B-B171-843BBA603AE0}.Release|x64.ActiveCfg = Release|x64
		{7BA6F903-7248-467B-B171-843BBA603AE0}.Release|x64.Build.0 = Release|x64
		{8A40F4E7-7350-4693-8346-2B706CC061E2}.Debug|Mixed Platforms.ActiveCfg = Debug|Win32
		{8A40F4E7-7350-4693-8346-2B706CC061E2}.Debug|Mixed Platforms.Build.0 = Debug|Win32
		{8A40F4E7-7350-4693-8346-2B706CC061E2}.Debug|Win32.ActiveCfg = Debug|Win32
		{8A40F4E7-7350-4693-8346-2B706CC061E2}.Debug|Win32.Build.0 = Debug|Win32
		{8A40F4E7-7350-4693-8346-2B706CC061E2}.Debug|x64.ActiveCfg = Debug|x64
		{8A40F4E7-7350-4693-8346-2B706CC061E2}.Debug|x64.Build.0 = Debug|x64
		{8A40F4E7-7350-4693-8346-2B706CC061E2}.Release|Mixed Platforms.ActiveCfg = Release|Win32
		{8A40F4E7-7350-4693-8346-2B706CC061E2}.Release|Mixed Platforms.Build.0 = Release|Win32
		{8A40F4E7-7350-4693-8346-2B706CC061E2}.Release|Win32.ActiveCfg = Release|Win32
		{8A40F4E7-7350-4693-8346-2B706CC061E2}.Release|Win32.Build.0 = Release|Win32
		{8A40F4E7-7350-4693-8346-2B706CC061E2}.Release|x64.ActiveCfg = Release|x64
		{8A40F4E7-7350-4693-8346-2B706CC061E2}.Release|x64.Build.0 = Release|x64
		{72CB48E3-C8C9-49A5-89BC-708142D363ED}.Debug|Mixed Platforms.ActiveCfg = Debug|Win32
		{72CB48E3-C8C9-49A5-89BC-708142D363ED}.Debug|Mixed Platforms.Build.0 = Debug|Win32
		{72CB48E3-C8C9-49A5-89BC-708142D363ED}.Debug|Win32.ActiveCfg = Debug|Win32
		{72CB48E3-C8C9-49A5-89BC-708142D363ED}.Debug|Win32.Build.0 = Debug|Win32
		{72CB48E3-C8C9-49A5-89BC-708142D363ED}.Debug|x64.ActiveCfg = Debug|x64
		{72CB48E3-C8C9-49A5-89BC-708142D363ED}.Debug|x64.Build.0 = Debug|x64
		{72CB48E3-C8C9-49A5-89BC-708142D363ED}.Release|Mixed Platforms.ActiveCfg = Release|Win32
		{72CB48E3-C8C9-49A5-89BC-708142D363ED}.Release|Mixed Platforms.Build.0 = Release|Win32
		{72CB48E3-C8C9-49A5-89BC-708142D363ED}.Release|Win32.ActiveCfg = Release|Win32
		{72CB48E3-C8C9-49A5-89BC-708142D363ED}.Release|Win32.Build.0 = Release|Win32
		{72CB48E3-C8C9-49A5-89BC-708142D363ED}.Release|x64.ActiveCfg = Release|x64
		{72CB48E3-C8C9-49A5-89BC-708142D363ED}.Release|x64.Build.0 = Release|x64
		{F04C007D-2602-4CDC-8396-40D206256003}.Debug|Mixed Platforms.ActiveCfg = Debug|Win32
		{F04C007D-2602-4CDC-8396-40D206256003}.Debug|Mixed Platforms.Build.0 = Debug|Win32
		{F04C007D-2602-4CDC-8396-40D206256003}.Debug|Win32.ActiveCfg = Debug|Win32
		{F04C007D-2602-4CDC-8396-40D206256003}.Debug|Win32.Build.0 = Debug|Win32
		{F04C007D-2602-4CDC-8396-40D206256003}.Debug|x64.ActiveCfg = Debug|x64
		{F04C007D-2602-4CDC-8396-40D206256003}.Debug|x64.Build.0 = Debug|x64
		{F04C007D-2602-4CDC-8396-40D206256003}.Release|Mixed Platforms.ActiveCfg = Release|Win32
		{F04C007D-2602-4CDC-8396-40D206256003}.Release|Mixed Platforms.Build.0 = Release|Win32
		{F04C007D-2602-4CDC-8396-40D206256003}.Release|Win32.ActiveCfg = Release|Win32
		{F04C007D-2602-4CDC-8396-40D206256003}.Release|Win32.Build.0 = Release|Win32
		{F04C007D-2602-4CDC-8396-40D206256003}.Release|x64.ActiveCfg = Release|x64
		{F04C007D-2602-4CDC-8396-40D206256003}.Release|x64.Build.0 = Release|x64
		{926F3FAA-1A31-495A-A320-55C505530865}.Debug|Mixed Platforms.ActiveCfg = Debug|Win32
		{926F3FAA-1A31-495A-A320-55C505530865}.Debug|Mixed Platforms.Build.0 = Debug|Win32
		{926F3FAA-1A31-495A-A320-55C505530865}.Debug|Win32.ActiveCfg = Debug|Win32
		{926F3FAA-1A31-495A-A320-55C505530865}.Debug|Win32.Build.0 = Debug|Win32
		{926F3FAA-1A31-495A-A320-55C505530865}.Debug|x64.ActiveCfg = Debug|x64
		{926F3FAA-1A31-495A-A320-55C505530865}.Debug|x64.Build.0 = Debug|x64
		{926F3FAA-1A31-495A-A320-55C505530865}.Release|Mixed Platforms.ActiveCfg = Release|Win32
		{926F3FAA-1A31-495A-A320-55C505530865}.Release|Mixed Platforms.Build.0 = Release|Win32
		{926F3FAA-1A31-495A-A320-55C505530865}.Release|Win32.ActiveCfg = Release|Win32
		{926F3FAA-1A31-495A-A320-55C505530865}.Release|Win32.Build.0 = Release|Win32
		{926F3FAA-1A31-495A-A320-55C505530865}.Release|x64.ActiveCfg = Release|x64
		{926F3FAA-1A31-495A-A320-55C505530865}.Release|x64.Build.0 = Release|x64
		{8EA16E83-655D-49FE-B632-7EE597619380}.Debug|Mixed Platforms.ActiveCfg = Debug|Win32
		{8EA16E83-655D-49FE-B632-7EE597619380}.Debug|Mixed Platforms.Build.0 = Debug|Win32
		{8EA16E83-655D-49FE-B632-7EE597619380}.Debug|Win32.ActiveCfg = Debug|Win32
		{8EA16E83-655D-49FE-B632-7EE597619380}.Debug|Win32.Build.0 = Debug|Win32
		{8EA16E83-655D-49FE-B632-7EE597619380}.Debug|x64.ActiveCfg = Debug|x64
		{8EA16E83-655D-49FE-B632-7EE597619380}.Debug|x64.Build.0 = Debug|x64
		{8EA16E83-655D-49FE-B632-7EE597619380}.Release|Mixed Platforms.ActiveCfg = Release|Win32
		{8EA16E83-655D-49FE-B632-7EE597619380}.Release|Mixed Platforms.Build.0 = Release|Win32
		{8EA16E83-655D-49FE-B632-7EE597619380}.Release|Win32.ActiveCfg = Release|Win32
		{8EA16E83-655D-49FE-B632-7EE597619380}.Release|Win32.Build.0 = Release|Win32
		{8EA16E83-655D-49FE-B632-7EE597619380}.Release|x64.ActiveCfg = Release|x64
		{8EA16E83-655D-49FE-B632-7EE597619380}.Release|x64.Build.0 = Release|x64
	EndGlobalSection
	GlobalSection(SolutionProperties) = preSolution
		HideSolutionNode = FALSE
	EndGlobalSection
	GlobalSection(NestedProjects) = preSolution
		{F8DC1D2D-EDF4-4949-BA12-80F8A652DC89} = {FB42392A-D068-4F70-85AA-03A4106BA9DF}
		{6D545E59-6771-4434-9919-58C356610D54} = {FB42392A-D068-4F70-85AA-03A4106BA9DF}
		{7A5EAAD7-89F1-43C7-A5B4-1AC4FFECA75D} = {FB42392A-D068-4F70-85AA-03A4106BA9DF}
		{47AFF5C0-D11A-428C-9462-94938CFA6564} = {FB42392A-D068-4F70-85AA-03A4106BA9DF}
		{7BA6F903-7248-467B-B171-843BBA603AE0} = {FB42392A-D068-4F70-85AA-03A4106BA9DF}
		{8A40F4E7-7350-4693-8346-2B706CC061E2} = {FB42392A-D068-4F70-85AA-03A4106BA9DF}
		{72CB48E3-C8C9-49A5-89BC-708142D363ED} = {201932AF-4D78-4D95-A953-02568B097C9C}
	EndGlobalSection
EndGlobal
