<?xml version="1.0" encoding="utf-8"?>
<Project ToolsVersion="4.0" xmlns="http://schemas.microsoft.com/developer/msbuild/2003">
  <ItemGroup>
    <Filter Include="Source">
      <UniqueIdentifier>{7c2bee44-7002-4211-9469-16fb6784a5cb}</UniqueIdentifier>
      <Extensions>
      </Extensions>
    </Filter>
    <Filter Include="Source\Hect">
      <UniqueIdentifier>{fcd21b97-a0b4-458d-baeb-cc918d9879cd}</UniqueIdentifier>
    </Filter>
    <Filter Include="Source\Hect\Core">
      <UniqueIdentifier>{e7d2f7a3-35c1-4933-9ee9-a6d822097cb2}</UniqueIdentifier>
      <Extensions>
      </Extensions>
    </Filter>
    <Filter Include="Source\Hect\Graphics">
      <UniqueIdentifier>{5158d07c-5b8a-4a0c-8051-a9c6f1499976}</UniqueIdentifier>
      <Extensions>
      </Extensions>
    </Filter>
    <Filter Include="Source\Hect\Input">
      <UniqueIdentifier>{77278d46-4ce5-46aa-adbb-f2e2a568e9c8}</UniqueIdentifier>
      <Extensions>
      </Extensions>
    </Filter>
    <Filter Include="Source\Hect\IO">
      <UniqueIdentifier>{5bbdd8d5-f376-4058-9ae4-7fe7e9446d8c}</UniqueIdentifier>
      <Extensions>
      </Extensions>
    </Filter>
    <Filter Include="Source\Hect\Math">
      <UniqueIdentifier>{9587974b-3e96-4d3a-abd3-54aaaa7db50a}</UniqueIdentifier>
      <Extensions>
      </Extensions>
    </Filter>
    <Filter Include="Source\Hect\Network">
      <UniqueIdentifier>{999f82bf-a1d8-43de-a449-3caead469c9f}</UniqueIdentifier>
      <Extensions>
      </Extensions>
    </Filter>
    <Filter Include="Source\Hect\Noise">
      <UniqueIdentifier>{69dbeee7-c972-43ae-9e4f-e9c2ef387b47}</UniqueIdentifier>
      <Extensions>
      </Extensions>
    </Filter>
    <Filter Include="Source\Hect\IO\Encoders">
      <UniqueIdentifier>{772319fc-e0b7-4c8b-91ab-02bb7147edea}</UniqueIdentifier>
    </Filter>
    <Filter Include="Source\Hect\Logic">
      <UniqueIdentifier>{5d093005-925d-44ba-8c9b-24d787d83e15}</UniqueIdentifier>
      <Extensions>
      </Extensions>
    </Filter>
    <Filter Include="Source\Hect\Spacial">
      <UniqueIdentifier>{f0c4d6f4-7e6a-47bf-9b8b-27c4a5fb8ae7}</UniqueIdentifier>
    </Filter>
    <Filter Include="Source\Hect\Physics">
      <UniqueIdentifier>{4a6446d0-c33f-4973-b008-c6a467b52c35}</UniqueIdentifier>
    </Filter>
    <Filter Include="Source\Hect\Event">
      <UniqueIdentifier>{46a69c03-9937-4199-8768-a7fdf09d13c3}</UniqueIdentifier>
    </Filter>
    <Filter Include="Source\Hect\Concurrency">
      <UniqueIdentifier>{da01250c-b7a3-4acb-832d-30dda1eb25dd}</UniqueIdentifier>
    </Filter>
    <Filter Include="Source\Hect\Timing">
      <UniqueIdentifier>{b8989ef5-bf60-4598-9769-af82d7d30a93}</UniqueIdentifier>
    </Filter>
    <Filter Include="Source\Hect\Generated">
      <UniqueIdentifier>{96da004b-1767-4720-8027-c8853b96da38}</UniqueIdentifier>
    </Filter>
    <Filter Include="Source\Hect\Reflection">
      <UniqueIdentifier>{7bf1d2b2-692c-4edd-89ad-4ce7fcceb332}</UniqueIdentifier>
    </Filter>
    <Filter Include="Source\Hect\Platform">
      <UniqueIdentifier>{71df736c-2e1d-44b1-b97f-06832d4114f3}</UniqueIdentifier>
    </Filter>
    <Filter Include="Source\Hect\Runtime">
      <UniqueIdentifier>{ddc1342f-4cff-4f2a-baf2-40dd04a8ba66}</UniqueIdentifier>
    </Filter>
    <Filter Include="Source\Hect\Logic\Components">
      <UniqueIdentifier>{df1cf0de-e57f-4c7f-a70e-5569de88cfa6}</UniqueIdentifier>
    </Filter>
    <Filter Include="Source\Hect\Logic\Systems">
      <UniqueIdentifier>{22f37f4c-e234-4be0-b87c-ca7e933afe79}</UniqueIdentifier>
    </Filter>
  </ItemGroup>
  <ItemGroup>
    <ClInclude Include="Source\Hect\Core\Any.h">
      <Filter>Source\Hect\Core</Filter>
    </ClInclude>
    <ClInclude Include="Source\Hect\Core\Configuration.h">
      <Filter>Source\Hect\Core</Filter>
    </ClInclude>
    <ClInclude Include="Source\Hect\Core\Error.h">
      <Filter>Source\Hect\Core</Filter>
    </ClInclude>
    <ClInclude Include="Source\Hect\Core\Format.h">
      <Filter>Source\Hect\Core</Filter>
    </ClInclude>
    <ClInclude Include="Source\Hect\Core\Logging.h">
      <Filter>Source\Hect\Core</Filter>
    </ClInclude>
    <ClInclude Include="Source\Hect\Core\Real.h">
      <Filter>Source\Hect\Core</Filter>
    </ClInclude>
    <ClInclude Include="Source\Hect\Core\Uncopyable.h">
      <Filter>Source\Hect\Core</Filter>
    </ClInclude>
    <ClInclude Include="Source\Hect\Graphics\FrameBuffer.h">
      <Filter>Source\Hect\Graphics</Filter>
    </ClInclude>
    <ClInclude Include="Source\Hect\Graphics\Image.h">
      <Filter>Source\Hect\Graphics</Filter>
    </ClInclude>
    <ClInclude Include="Source\Hect\Graphics\Material.h">
      <Filter>Source\Hect\Graphics</Filter>
    </ClInclude>
    <ClInclude Include="Source\Hect\Graphics\Mesh.h">
      <Filter>Source\Hect\Graphics</Filter>
    </ClInclude>
    <ClInclude Include="Source\Hect\Graphics\MeshReader.h">
      <Filter>Source\Hect\Graphics</Filter>
    </ClInclude>
    <ClInclude Include="Source\Hect\Graphics\MeshWriter.h">
      <Filter>Source\Hect\Graphics</Filter>
    </ClInclude>
    <ClInclude Include="Source\Hect\Graphics\Pass.h">
      <Filter>Source\Hect\Graphics</Filter>
    </ClInclude>
    <ClInclude Include="Source\Hect\Graphics\PassUniformValue.h">
      <Filter>Source\Hect\Graphics</Filter>
    </ClInclude>
    <ClInclude Include="Source\Hect\Graphics\Renderer.h">
      <Filter>Source\Hect\Graphics</Filter>
    </ClInclude>
    <ClInclude Include="Source\Hect\Graphics\RendererObject.h">
      <Filter>Source\Hect\Graphics</Filter>
    </ClInclude>
    <ClInclude Include="Source\Hect\Graphics\RenderTarget.h">
      <Filter>Source\Hect\Graphics</Filter>
    </ClInclude>
    <ClInclude Include="Source\Hect\Graphics\Shader.h">
      <Filter>Source\Hect\Graphics</Filter>
    </ClInclude>
    <ClInclude Include="Source\Hect\Graphics\ShaderModule.h">
      <Filter>Source\Hect\Graphics</Filter>
    </ClInclude>
    <ClInclude Include="Source\Hect\Graphics\Technique.h">
      <Filter>Source\Hect\Graphics</Filter>
    </ClInclude>
    <ClInclude Include="Source\Hect\Graphics\Texture.h">
      <Filter>Source\Hect\Graphics</Filter>
    </ClInclude>
    <ClInclude Include="Source\Hect\Graphics\Uniform.h">
      <Filter>Source\Hect\Graphics</Filter>
    </ClInclude>
    <ClInclude Include="Source\Hect\Graphics\UniformValue.h">
      <Filter>Source\Hect\Graphics</Filter>
    </ClInclude>
    <ClInclude Include="Source\Hect\Graphics\VertexAttribute.h">
      <Filter>Source\Hect\Graphics</Filter>
    </ClInclude>
    <ClInclude Include="Source\Hect\Graphics\VertexLayout.h">
      <Filter>Source\Hect\Graphics</Filter>
    </ClInclude>
    <ClInclude Include="Source\Hect\Graphics\VideoMode.h">
      <Filter>Source\Hect\Graphics</Filter>
    </ClInclude>
    <ClInclude Include="Source\Hect\Graphics\Window.h">
      <Filter>Source\Hect\Graphics</Filter>
    </ClInclude>
    <ClInclude Include="Source\Hect\Input\InputAxis.h">
      <Filter>Source\Hect\Input</Filter>
    </ClInclude>
    <ClInclude Include="Source\Hect\Input\Keyboard.h">
      <Filter>Source\Hect\Input</Filter>
    </ClInclude>
    <ClInclude Include="Source\Hect\Input\Mouse.h">
      <Filter>Source\Hect\Input</Filter>
    </ClInclude>
    <ClInclude Include="Source\Hect\IO\MemoryReadStream.h">
      <Filter>Source\Hect\IO</Filter>
    </ClInclude>
    <ClInclude Include="Source\Hect\IO\MemoryWriteStream.h">
      <Filter>Source\Hect\IO</Filter>
    </ClInclude>
    <ClInclude Include="Source\Hect\IO\Path.h">
      <Filter>Source\Hect\IO</Filter>
    </ClInclude>
    <ClInclude Include="Source\Hect\IO\ReadStream.h">
      <Filter>Source\Hect\IO</Filter>
    </ClInclude>
    <ClInclude Include="Source\Hect\IO\WriteStream.h">
      <Filter>Source\Hect\IO</Filter>
    </ClInclude>
    <ClInclude Include="Source\Hect\Math\Angle.h">
      <Filter>Source\Hect\Math</Filter>
    </ClInclude>
    <ClInclude Include="Source\Hect\Math\Constants.h">
      <Filter>Source\Hect\Math</Filter>
    </ClInclude>
    <ClInclude Include="Source\Hect\Math\Matrix4.h">
      <Filter>Source\Hect\Math</Filter>
    </ClInclude>
    <ClInclude Include="Source\Hect\Math\Quaternion.h">
      <Filter>Source\Hect\Math</Filter>
    </ClInclude>
    <ClInclude Include="Source\Hect\Math\Vector2.h">
      <Filter>Source\Hect\Math</Filter>
    </ClInclude>
    <ClInclude Include="Source\Hect\Math\Vector3.h">
      <Filter>Source\Hect\Math</Filter>
    </ClInclude>
    <ClInclude Include="Source\Hect\Math\Vector4.h">
      <Filter>Source\Hect\Math</Filter>
    </ClInclude>
    <ClInclude Include="Source\Hect\Network\IpAddress.h">
      <Filter>Source\Hect\Network</Filter>
    </ClInclude>
    <ClInclude Include="Source\Hect\Network\Packet.h">
      <Filter>Source\Hect\Network</Filter>
    </ClInclude>
    <ClInclude Include="Source\Hect\Network\Socket.h">
      <Filter>Source\Hect\Network</Filter>
    </ClInclude>
    <ClInclude Include="Source\Hect\Noise\Random.h">
      <Filter>Source\Hect\Noise</Filter>
    </ClInclude>
    <ClInclude Include="Source\Hect\IO\Encoders\ImagePngEncoder.h">
      <Filter>Source\Hect\IO\Encoders</Filter>
    </ClInclude>
    <ClInclude Include="Source\Hect\IO\JsonValue.h">
      <Filter>Source\Hect\IO</Filter>
    </ClInclude>
    <ClInclude Include="Source\Hect\IO\Encoder.h">
      <Filter>Source\Hect\IO</Filter>
    </ClInclude>
    <ClInclude Include="Source\Hect\IO\Decoder.h">
      <Filter>Source\Hect\IO</Filter>
    </ClInclude>
    <ClInclude Include="Source\Hect\IO\JsonEncoder.h">
      <Filter>Source\Hect\IO</Filter>
    </ClInclude>
    <ClInclude Include="Source\Hect\IO\BinaryEncoder.h">
      <Filter>Source\Hect\IO</Filter>
    </ClInclude>
    <ClInclude Include="Source\Hect\IO\JsonDecoder.h">
      <Filter>Source\Hect\IO</Filter>
    </ClInclude>
    <ClInclude Include="Source\Hect\IO\BinaryDecoder.h">
      <Filter>Source\Hect\IO</Filter>
    </ClInclude>
    <ClInclude Include="Source\Hect\Logic\Component.h">
      <Filter>Source\Hect\Logic</Filter>
    </ClInclude>
    <ClInclude Include="Source\Hect\Logic\ComponentPool.h">
      <Filter>Source\Hect\Logic</Filter>
    </ClInclude>
    <ClInclude Include="Source\Hect\Logic\Entity.h">
      <Filter>Source\Hect\Logic</Filter>
    </ClInclude>
    <ClInclude Include="Source\Hect\Logic\System.h">
      <Filter>Source\Hect\Logic</Filter>
    </ClInclude>
    <ClInclude Include="Source\Hect\Logic\EntityPool.h">
      <Filter>Source\Hect\Logic</Filter>
    </ClInclude>
    <ClInclude Include="Source\Hect\Logic\EntityEvent.h">
      <Filter>Source\Hect\Logic</Filter>
    </ClInclude>
    <ClInclude Include="Source\Hect\Logic\ComponentEvent.h">
      <Filter>Source\Hect\Logic</Filter>
    </ClInclude>
    <ClInclude Include="Source\Hect\IO\AssetCache.h">
      <Filter>Source\Hect\IO</Filter>
    </ClInclude>
    <ClInclude Include="Source\Hect\IO\AssetEntry.h">
      <Filter>Source\Hect\IO</Filter>
    </ClInclude>
    <ClInclude Include="Source\Hect\IO\AssetHandle.h">
      <Filter>Source\Hect\IO</Filter>
    </ClInclude>
    <ClInclude Include="Source\Hect\IO\AssetLoader.h">
      <Filter>Source\Hect\IO</Filter>
    </ClInclude>
    <ClInclude Include="Source\Hect\Spacial\AxisAlignedBox.h">
      <Filter>Source\Hect\Spacial</Filter>
    </ClInclude>
    <ClInclude Include="Source\Hect\Spacial\Box.h">
      <Filter>Source\Hect\Spacial</Filter>
    </ClInclude>
    <ClInclude Include="Source\Hect\Spacial\Frustum.h">
      <Filter>Source\Hect\Spacial</Filter>
    </ClInclude>
    <ClInclude Include="Source\Hect\Spacial\Plane.h">
      <Filter>Source\Hect\Spacial</Filter>
    </ClInclude>
    <ClInclude Include="Source\Hect\Spacial\Sphere.h">
      <Filter>Source\Hect\Spacial</Filter>
    </ClInclude>
    <ClInclude Include="Source\Hect\Event\Dispatcher.h">
      <Filter>Source\Hect\Event</Filter>
    </ClInclude>
    <ClInclude Include="Source\Hect\Event\Listener.h">
      <Filter>Source\Hect\Event</Filter>
    </ClInclude>
    <ClInclude Include="Source\Hect\Concurrency\TaskPool.h">
      <Filter>Source\Hect\Concurrency</Filter>
    </ClInclude>
    <ClInclude Include="Source\Hect\Timing\Timer.h">
      <Filter>Source\Hect\Timing</Filter>
    </ClInclude>
    <ClInclude Include="Source\Hect\Timing\TimeSpan.h">
      <Filter>Source\Hect\Timing</Filter>
    </ClInclude>
    <ClInclude Include="Source\Hect\Logic\IdPool.h">
      <Filter>Source\Hect\Logic</Filter>
    </ClInclude>
    <ClInclude Include="Source\Hect\Physics\Bullet.h">
      <Filter>Source\Hect\Physics</Filter>
    </ClInclude>
    <ClInclude Include="Source\Hect\Graphics\RenderState.h">
      <Filter>Source\Hect\Graphics</Filter>
    </ClInclude>
    <ClInclude Include="Source\Hect\Timing\TimeStamp.h">
      <Filter>Source\Hect\Timing</Filter>
    </ClInclude>
    <ClInclude Include="Source\Hect\Core\Sequence.h">
      <Filter>Source\Hect\Core</Filter>
    </ClInclude>
    <ClInclude Include="Source\Hect\Network\PeerHandle.h">
      <Filter>Source\Hect\Network</Filter>
    </ClInclude>
    <ClInclude Include="Source\Hect\Concurrency\Task.h">
      <Filter>Source\Hect\Concurrency</Filter>
    </ClInclude>
    <ClInclude Include="Source\Hect\Reflection\Type.h">
      <Filter>Source\Hect\Reflection</Filter>
    </ClInclude>
    <ClInclude Include="Source\Hect\Reflection\Enum.h">
      <Filter>Source\Hect\Reflection</Filter>
    </ClInclude>
    <ClInclude Include="Source\Hect\IO\Data.h">
      <Filter>Source\Hect\IO</Filter>
    </ClInclude>
    <ClInclude Include="Source\Hect\Platform\Platform.h">
      <Filter>Source\Hect\Platform</Filter>
    </ClInclude>
    <ClInclude Include="Source\Hect\Platform\FileSystem.h">
      <Filter>Source\Hect\Platform</Filter>
    </ClInclude>
    <ClInclude Include="Source\Hect\Input\Gamepad.h">
      <Filter>Source\Hect\Input</Filter>
    </ClInclude>
    <ClInclude Include="Source\Hect\Logic\World.h">
      <Filter>Source\Hect\Logic</Filter>
    </ClInclude>
    <ClInclude Include="Source\Hect\Math\Utilities.h">
      <Filter>Source\Hect\Math</Filter>
    </ClInclude>
    <ClInclude Include="Source\Hect\Runtime\Engine.h">
      <Filter>Source\Hect\Runtime</Filter>
    </ClInclude>
    <ClInclude Include="Source\Hect\Logic\GameMode.h">
      <Filter>Source\Hect\Logic</Filter>
    </ClInclude>
    <ClInclude Include="Source\Hect\Input\InputAxisBinding.h">
      <Filter>Source\Hect\Input</Filter>
    </ClInclude>
    <ClInclude Include="Source\Hect\Graphics\RenderSystem.h">
      <Filter>Source\Hect\Graphics</Filter>
    </ClInclude>
    <ClInclude Include="Source\Hect\Logic\GameModeRegistry.h">
      <Filter>Source\Hect\Logic</Filter>
    </ClInclude>
    <ClInclude Include="Source\Hect\Logic\ComponentRegistry.h">
      <Filter>Source\Hect\Logic</Filter>
    </ClInclude>
    <ClInclude Include="Source\Hect\Logic\SystemRegistry.h">
      <Filter>Source\Hect\Logic</Filter>
    </ClInclude>
    <ClInclude Include="Source\Hect\Logic\Components\BoundingBox.h">
      <Filter>Source\Hect\Logic\Components</Filter>
    </ClInclude>
    <ClInclude Include="Source\Hect\Logic\Components\Camera.h">
      <Filter>Source\Hect\Logic\Components</Filter>
    </ClInclude>
    <ClInclude Include="Source\Hect\Logic\Components\DirectionalLight.h">
      <Filter>Source\Hect\Logic\Components</Filter>
    </ClInclude>
    <ClInclude Include="Source\Hect\Logic\Components\LightProbe.h">
      <Filter>Source\Hect\Logic\Components</Filter>
    </ClInclude>
    <ClInclude Include="Source\Hect\Logic\Components\Model.h">
      <Filter>Source\Hect\Logic\Components</Filter>
    </ClInclude>
    <ClInclude Include="Source\Hect\Logic\Components\RigidBody.h">
      <Filter>Source\Hect\Logic\Components</Filter>
    </ClInclude>
    <ClInclude Include="Source\Hect\Logic\Components\SkyBox.h">
      <Filter>Source\Hect\Logic\Components</Filter>
    </ClInclude>
    <ClInclude Include="Source\Hect\Logic\Components\Transform.h">
      <Filter>Source\Hect\Logic\Components</Filter>
    </ClInclude>
    <ClInclude Include="Source\Hect\Logic\Systems\BoundingBoxSystem.h">
      <Filter>Source\Hect\Logic\Systems</Filter>
    </ClInclude>
    <ClInclude Include="Source\Hect\Logic\Systems\InputSystem.h">
      <Filter>Source\Hect\Logic\Systems</Filter>
    </ClInclude>
    <ClInclude Include="Source\Hect\Logic\Systems\PhysicsSystem.h">
      <Filter>Source\Hect\Logic\Systems</Filter>
    </ClInclude>
    <ClInclude Include="Source\Hect\Logic\Systems\TransformSystem.h">
      <Filter>Source\Hect\Logic\Systems</Filter>
    </ClInclude>
    <ClInclude Include="Source\Hect\Logic\Systems\CameraSystem.h">
      <Filter>Source\Hect\Logic\Systems</Filter>
    </ClInclude>
    <ClInclude Include="Source\Hect\IO\EncodeOperations.h">
      <Filter>Source\Hect\IO</Filter>
    </ClInclude>
  </ItemGroup>
  <ItemGroup>
    <ClCompile Include="Source\Hect\Core\Any.cpp">
      <Filter>Source\Hect\Core</Filter>
    </ClCompile>
    <ClCompile Include="Source\Hect\Core\Error.cpp">
      <Filter>Source\Hect\Core</Filter>
    </ClCompile>
    <ClCompile Include="Source\Hect\Core\Format.cpp">
      <Filter>Source\Hect\Core</Filter>
    </ClCompile>
    <ClCompile Include="Source\Hect\Core\Logging.cpp">
      <Filter>Source\Hect\Core</Filter>
    </ClCompile>
    <ClCompile Include="Source\Hect\Graphics\FrameBuffer.cpp">
      <Filter>Source\Hect\Graphics</Filter>
    </ClCompile>
    <ClCompile Include="Source\Hect\Graphics\Image.cpp">
      <Filter>Source\Hect\Graphics</Filter>
    </ClCompile>
    <ClCompile Include="Source\Hect\Graphics\ImageLoader.cpp">
      <Filter>Source\Hect\Graphics</Filter>
    </ClCompile>
    <ClCompile Include="Source\Hect\Graphics\Material.cpp">
      <Filter>Source\Hect\Graphics</Filter>
    </ClCompile>
    <ClCompile Include="Source\Hect\Graphics\MaterialLoader.cpp">
      <Filter>Source\Hect\Graphics</Filter>
    </ClCompile>
    <ClCompile Include="Source\Hect\Graphics\Mesh.cpp">
      <Filter>Source\Hect\Graphics</Filter>
    </ClCompile>
    <ClCompile Include="Source\Hect\Graphics\MeshLoader.cpp">
      <Filter>Source\Hect\Graphics</Filter>
    </ClCompile>
    <ClCompile Include="Source\Hect\Graphics\MeshReader.cpp">
      <Filter>Source\Hect\Graphics</Filter>
    </ClCompile>
    <ClCompile Include="Source\Hect\Graphics\MeshWriter.cpp">
      <Filter>Source\Hect\Graphics</Filter>
    </ClCompile>
    <ClCompile Include="Source\Hect\Graphics\Pass.cpp">
      <Filter>Source\Hect\Graphics</Filter>
    </ClCompile>
    <ClCompile Include="Source\Hect\Graphics\PassUniformValue.cpp">
      <Filter>Source\Hect\Graphics</Filter>
    </ClCompile>
    <ClCompile Include="Source\Hect\Graphics\Renderer.cpp">
      <Filter>Source\Hect\Graphics</Filter>
    </ClCompile>
    <ClCompile Include="Source\Hect\Graphics\RendererObject.cpp">
      <Filter>Source\Hect\Graphics</Filter>
    </ClCompile>
    <ClCompile Include="Source\Hect\Graphics\RenderTarget.cpp">
      <Filter>Source\Hect\Graphics</Filter>
    </ClCompile>
    <ClCompile Include="Source\Hect\Graphics\Shader.cpp">
      <Filter>Source\Hect\Graphics</Filter>
    </ClCompile>
    <ClCompile Include="Source\Hect\Graphics\ShaderLoader.cpp">
      <Filter>Source\Hect\Graphics</Filter>
    </ClCompile>
    <ClCompile Include="Source\Hect\Graphics\ShaderModule.cpp">
      <Filter>Source\Hect\Graphics</Filter>
    </ClCompile>
    <ClCompile Include="Source\Hect\Graphics\ShaderModuleLoader.cpp">
      <Filter>Source\Hect\Graphics</Filter>
    </ClCompile>
    <ClCompile Include="Source\Hect\Graphics\Technique.cpp">
      <Filter>Source\Hect\Graphics</Filter>
    </ClCompile>
    <ClCompile Include="Source\Hect\Graphics\Texture.cpp">
      <Filter>Source\Hect\Graphics</Filter>
    </ClCompile>
    <ClCompile Include="Source\Hect\Graphics\TextureLoader.cpp">
      <Filter>Source\Hect\Graphics</Filter>
    </ClCompile>
    <ClCompile Include="Source\Hect\Graphics\Uniform.cpp">
      <Filter>Source\Hect\Graphics</Filter>
    </ClCompile>
    <ClCompile Include="Source\Hect\Graphics\UniformValue.cpp">
      <Filter>Source\Hect\Graphics</Filter>
    </ClCompile>
    <ClCompile Include="Source\Hect\Graphics\VertexAttribute.cpp">
      <Filter>Source\Hect\Graphics</Filter>
    </ClCompile>
    <ClCompile Include="Source\Hect\Graphics\VertexLayout.cpp">
      <Filter>Source\Hect\Graphics</Filter>
    </ClCompile>
    <ClCompile Include="Source\Hect\Graphics\VideoMode.cpp">
      <Filter>Source\Hect\Graphics</Filter>
    </ClCompile>
    <ClCompile Include="Source\Hect\Graphics\Window.cpp">
      <Filter>Source\Hect\Graphics</Filter>
    </ClCompile>
    <ClCompile Include="Source\Hect\Input\InputAxis.cpp">
      <Filter>Source\Hect\Input</Filter>
    </ClCompile>
    <ClCompile Include="Source\Hect\Input\Keyboard.cpp">
      <Filter>Source\Hect\Input</Filter>
    </ClCompile>
    <ClCompile Include="Source\Hect\Input\Mouse.cpp">
      <Filter>Source\Hect\Input</Filter>
    </ClCompile>
    <ClCompile Include="Source\Hect\IO\MemoryReadStream.cpp">
      <Filter>Source\Hect\IO</Filter>
    </ClCompile>
    <ClCompile Include="Source\Hect\IO\MemoryWriteStream.cpp">
      <Filter>Source\Hect\IO</Filter>
    </ClCompile>
    <ClCompile Include="Source\Hect\IO\Path.cpp">
      <Filter>Source\Hect\IO</Filter>
    </ClCompile>
    <ClCompile Include="Source\Hect\IO\ReadStream.cpp">
      <Filter>Source\Hect\IO</Filter>
    </ClCompile>
    <ClCompile Include="Source\Hect\IO\WriteStream.cpp">
      <Filter>Source\Hect\IO</Filter>
    </ClCompile>
    <ClCompile Include="Source\Hect\Math\Angle.cpp">
      <Filter>Source\Hect\Math</Filter>
    </ClCompile>
    <ClCompile Include="Source\Hect\Network\IpAddress.cpp">
      <Filter>Source\Hect\Network</Filter>
    </ClCompile>
    <ClCompile Include="Source\Hect\Network\Packet.cpp">
      <Filter>Source\Hect\Network</Filter>
    </ClCompile>
    <ClCompile Include="Source\Hect\Network\Socket.cpp">
      <Filter>Source\Hect\Network</Filter>
    </ClCompile>
    <ClCompile Include="Source\Hect\Noise\Random.cpp">
      <Filter>Source\Hect\Noise</Filter>
    </ClCompile>
    <ClCompile Include="Source\Hect\IO\Encoders\ImagePngEncoder.cpp">
      <Filter>Source\Hect\IO\Encoders</Filter>
    </ClCompile>
    <ClCompile Include="Source\Hect\IO\JsonValue.cpp">
      <Filter>Source\Hect\IO</Filter>
    </ClCompile>
    <ClCompile Include="Source\Hect\IO\JsonValueLoader.cpp">
      <Filter>Source\Hect\IO</Filter>
    </ClCompile>
    <ClCompile Include="Source\Hect\IO\Encoder.cpp">
      <Filter>Source\Hect\IO</Filter>
    </ClCompile>
    <ClCompile Include="Source\Hect\IO\Decoder.cpp">
      <Filter>Source\Hect\IO</Filter>
    </ClCompile>
    <ClCompile Include="Source\Hect\IO\JsonDecoder.cpp">
      <Filter>Source\Hect\IO</Filter>
    </ClCompile>
    <ClCompile Include="Source\Hect\IO\BinaryEncoder.cpp">
      <Filter>Source\Hect\IO</Filter>
    </ClCompile>
    <ClCompile Include="Source\Hect\IO\JsonEncoder.cpp">
      <Filter>Source\Hect\IO</Filter>
    </ClCompile>
    <ClCompile Include="Source\Hect\IO\BinaryDecoder.cpp">
      <Filter>Source\Hect\IO</Filter>
    </ClCompile>
    <ClCompile Include="Source\Hect\Core\Uncopyable.cpp">
      <Filter>Source\Hect\Core</Filter>
    </ClCompile>
    <ClCompile Include="Source\Hect\Logic\Entity.cpp">
      <Filter>Source\Hect\Logic</Filter>
    </ClCompile>
    <ClCompile Include="Source\Hect\Logic\System.cpp">
      <Filter>Source\Hect\Logic</Filter>
    </ClCompile>
    <ClCompile Include="Source\Hect\Logic\EntityPool.cpp">
      <Filter>Source\Hect\Logic</Filter>
    </ClCompile>
    <ClCompile Include="Source\Hect\Logic\EntityEvent.cpp">
      <Filter>Source\Hect\Logic</Filter>
    </ClCompile>
    <ClCompile Include="Source\Hect\IO\AssetCache.cpp">
      <Filter>Source\Hect\IO</Filter>
    </ClCompile>
    <ClCompile Include="Source\Hect\Spacial\AxisAlignedBox.cpp">
      <Filter>Source\Hect\Spacial</Filter>
    </ClCompile>
    <ClCompile Include="Source\Hect\Spacial\Box.cpp">
      <Filter>Source\Hect\Spacial</Filter>
    </ClCompile>
    <ClCompile Include="Source\Hect\Spacial\Frustum.cpp">
      <Filter>Source\Hect\Spacial</Filter>
    </ClCompile>
    <ClCompile Include="Source\Hect\Spacial\Plane.cpp">
      <Filter>Source\Hect\Spacial</Filter>
    </ClCompile>
    <ClCompile Include="Source\Hect\Spacial\Sphere.cpp">
      <Filter>Source\Hect\Spacial</Filter>
    </ClCompile>
    <ClCompile Include="Source\Hect\Concurrency\TaskPool.cpp">
      <Filter>Source\Hect\Concurrency</Filter>
    </ClCompile>
    <ClCompile Include="Source\Hect\Timing\Timer.cpp">
      <Filter>Source\Hect\Timing</Filter>
    </ClCompile>
    <ClCompile Include="Source\Hect\Timing\TimeSpan.cpp">
      <Filter>Source\Hect\Timing</Filter>
    </ClCompile>
    <ClCompile Include="Source\Hect\Physics\Bullet.cpp">
      <Filter>Source\Hect\Physics</Filter>
    </ClCompile>
    <ClCompile Include="Source\Hect\Graphics\RenderState.cpp">
      <Filter>Source\Hect\Graphics</Filter>
    </ClCompile>
    <ClCompile Include="Source\Hect\Network\PeerHandle.cpp">
      <Filter>Source\Hect\Network</Filter>
    </ClCompile>
    <ClCompile Include="Source\Hect\Concurrency\Task.cpp">
      <Filter>Source\Hect\Concurrency</Filter>
    </ClCompile>
    <ClCompile Include="Source\Hect\Reflection\Type.cpp">
      <Filter>Source\Hect\Reflection</Filter>
    </ClCompile>
    <ClCompile Include="Source\Hect\Reflection\Enum.cpp">
      <Filter>Source\Hect\Reflection</Filter>
    </ClCompile>
    <ClCompile Include="Source\Hect\IO\DataLoader.cpp">
      <Filter>Source\Hect\IO</Filter>
    </ClCompile>
    <ClCompile Include="Source\Hect\Platform\Platform_SDL.cpp">
      <Filter>Source\Hect\Platform</Filter>
    </ClCompile>
    <ClCompile Include="Source\Hect\Platform\FileSystem_PhysFS.cpp">
      <Filter>Source\Hect\Platform</Filter>
    </ClCompile>
    <ClCompile Include="Source\Hect\Input\Gamepad.cpp">
      <Filter>Source\Hect\Input</Filter>
    </ClCompile>
    <ClCompile Include="Source\Hect\Runtime\Engine.cpp">
      <Filter>Source\Hect\Runtime</Filter>
    </ClCompile>
    <ClCompile Include="Source\Hect\Logic\GameMode.cpp">
      <Filter>Source\Hect\Logic</Filter>
    </ClCompile>
    <ClCompile Include="Source\Hect\Logic\World.cpp">
      <Filter>Source\Hect\Logic</Filter>
    </ClCompile>
    <ClCompile Include="Source\Hect\Input\InputAxisBinding.cpp">
      <Filter>Source\Hect\Input</Filter>
    </ClCompile>
    <ClCompile Include="Source\Hect\Graphics\RenderSystem.cpp">
      <Filter>Source\Hect\Graphics</Filter>
    </ClCompile>
    <ClCompile Include="Source\Hect\Logic\GameModeRegistry.cpp">
      <Filter>Source\Hect\Logic</Filter>
    </ClCompile>
    <ClCompile Include="Source\Hect\Logic\ComponentRegistry.cpp">
      <Filter>Source\Hect\Logic</Filter>
    </ClCompile>
    <ClCompile Include="Source\Hect\Logic\SystemRegistry.cpp">
      <Filter>Source\Hect\Logic</Filter>
    </ClCompile>
    <ClCompile Include="Source\Hect\Generated\BuiltInTypes.cpp">
      <Filter>Source\Hect\Generated</Filter>
    </ClCompile>
    <ClCompile Include="Source\Hect\Logic\Components\Camera.cpp">
      <Filter>Source\Hect\Logic\Components</Filter>
    </ClCompile>
    <ClCompile Include="Source\Hect\Logic\Components\DirectionalLight.cpp">
      <Filter>Source\Hect\Logic\Components</Filter>
    </ClCompile>
    <ClCompile Include="Source\Hect\Logic\Components\LightProbe.cpp">
      <Filter>Source\Hect\Logic\Components</Filter>
    </ClCompile>
    <ClCompile Include="Source\Hect\Logic\Components\Model.cpp">
      <Filter>Source\Hect\Logic\Components</Filter>
    </ClCompile>
    <ClCompile Include="Source\Hect\Logic\Components\RigidBody.cpp">
      <Filter>Source\Hect\Logic\Components</Filter>
    </ClCompile>
    <ClCompile Include="Source\Hect\Logic\Components\SkyBox.cpp">
      <Filter>Source\Hect\Logic\Components</Filter>
    </ClCompile>
    <ClCompile Include="Source\Hect\Logic\Components\Transform.cpp">
      <Filter>Source\Hect\Logic\Components</Filter>
    </ClCompile>
    <ClCompile Include="Source\Hect\Logic\Systems\BoundingBoxSystem.cpp">
      <Filter>Source\Hect\Logic\Systems</Filter>
    </ClCompile>
    <ClCompile Include="Source\Hect\Logic\Systems\InputSystem.cpp">
      <Filter>Source\Hect\Logic\Systems</Filter>
    </ClCompile>
    <ClCompile Include="Source\Hect\Logic\Systems\PhysicsSystem.cpp">
      <Filter>Source\Hect\Logic\Systems</Filter>
    </ClCompile>
    <ClCompile Include="Source\Hect\Logic\Systems\TransformSystem.cpp">
      <Filter>Source\Hect\Logic\Systems</Filter>
    </ClCompile>
    <ClCompile Include="Source\Hect\Logic\Systems\CameraSystem.cpp">
      <Filter>Source\Hect\Logic\Systems</Filter>
    </ClCompile>
    <ClCompile Include="Source\Hect\IO\EncodeOperations.cpp">
      <Filter>Source\Hect\IO</Filter>
    </ClCompile>
    <ClCompile Include="Source\Hect\Logic\Component.cpp">
      <Filter>Source\Hect\Logic</Filter>
    </ClCompile>
  </ItemGroup>
  <ItemGroup>
    <None Include="Source\Hect\Core\Any.inl">
      <Filter>Source\Hect\Core</Filter>
    </None>
    <None Include="Source\Hect\Math\Matrix4.inl">
      <Filter>Source\Hect\Math</Filter>
    </None>
    <None Include="Source\Hect\Math\Quaternion.inl">
      <Filter>Source\Hect\Math</Filter>
    </None>
    <None Include="Source\Hect\Math\Vector2.inl">
      <Filter>Source\Hect\Math</Filter>
    </None>
    <None Include="Source\Hect\Math\Vector3.inl">
      <Filter>Source\Hect\Math</Filter>
    </None>
    <None Include="Source\Hect\Math\Vector4.inl">
      <Filter>Source\Hect\Math</Filter>
    </None>
    <None Include="Source\Hect\Logic\Component.inl">
      <Filter>Source\Hect\Logic</Filter>
    </None>
    <None Include="Source\Hect\Logic\ComponentPool.inl">
      <Filter>Source\Hect\Logic</Filter>
    </None>
    <None Include="Source\Hect\Logic\Entity.inl">
      <Filter>Source\Hect\Logic</Filter>
    </None>
    <None Include="Source\Hect\IO\Decoder.inl">
      <Filter>Source\Hect\IO</Filter>
    </None>
    <None Include="Source\Hect\IO\Encoder.inl">
      <Filter>Source\Hect\IO</Filter>
    </None>
    <None Include="Source\Hect\Logic\ComponentEvent.inl">
      <Filter>Source\Hect\Logic</Filter>
    </None>
    <None Include="Source\Hect\IO\AssetCache.inl">
      <Filter>Source\Hect\IO</Filter>
    </None>
    <None Include="Source\Hect\IO\AssetEntry.inl">
      <Filter>Source\Hect\IO</Filter>
    </None>
    <None Include="Source\Hect\IO\AssetHandle.inl">
      <Filter>Source\Hect\IO</Filter>
    </None>
    <None Include="Source\Hect\Event\Dispatcher.inl">
      <Filter>Source\Hect\Event</Filter>
    </None>
    <None Include="Source\Hect\Logic\IdPool.inl">
      <Filter>Source\Hect\Logic</Filter>
    </None>
    <None Include="Source\Hect\Core\Sequence.inl">
      <Filter>Source\Hect\Core</Filter>
    </None>
    <None Include="Source\Hect\Reflection\Type.inl">
      <Filter>Source\Hect\Reflection</Filter>
    </None>
    <None Include="Source\Hect\Reflection\Enum.inl">
      <Filter>Source\Hect\Reflection</Filter>
    </None>
    <None Include="Source\Hect\Logic\World.inl">
      <Filter>Source\Hect\Logic</Filter>
    </None>
    <None Include="Source\Hect\Math\Utilities.inl">
      <Filter>Source\Hect\Math</Filter>
    </None>
    <None Include="Source\Hect\Logic\GameModeRegistry.inl">
      <Filter>Source\Hect\Logic</Filter>
    </None>
    <None Include="Source\Hect\Logic\ComponentRegistry.inl">
      <Filter>Source\Hect\Logic</Filter>
    </None>
    <None Include="Source\Hect\Logic\SystemRegistry.inl">
      <Filter>Source\Hect\Logic</Filter>
    </None>
    <None Include="Source\Hect\Logic\System.inl">
      <Filter>Source\Hect\Logic</Filter>
    </None>
    <None Include="Source\Hect\IO\EncodeOperations.inl">
      <Filter>Source\Hect\IO</Filter>
    </None>
  </ItemGroup>
</Project>