<?xml version="1.0" encoding="utf-8"?>
<Project ToolsVersion="4.0" xmlns="http://schemas.microsoft.com/developer/msbuild/2003">
  <ItemGroup>
    <Filter Include="Source">
      <UniqueIdentifier>{7c2bee44-7002-4211-9469-16fb6784a5cb}</UniqueIdentifier>
      <Extensions>
      </Extensions>
    </Filter>
    <Filter Include="Source\Hect">
      <UniqueIdentifier>{fcd21b97-a0b4-458d-baeb-cc918d9879cd}</UniqueIdentifier>
    </Filter>
    <Filter Include="Source\Hect\Core">
      <UniqueIdentifier>{e7d2f7a3-35c1-4933-9ee9-a6d822097cb2}</UniqueIdentifier>
      <Extensions>
      </Extensions>
    </Filter>
    <Filter Include="Source\Hect\Graphics">
      <UniqueIdentifier>{5158d07c-5b8a-4a0c-8051-a9c6f1499976}</UniqueIdentifier>
      <Extensions>
      </Extensions>
    </Filter>
    <Filter Include="Source\Hect\Input">
      <UniqueIdentifier>{77278d46-4ce5-46aa-adbb-f2e2a568e9c8}</UniqueIdentifier>
      <Extensions>
      </Extensions>
    </Filter>
    <Filter Include="Source\Hect\Internal">
      <UniqueIdentifier>{12282db1-10b5-4fe8-84df-980536c3dad0}</UniqueIdentifier>
      <Extensions>
      </Extensions>
    </Filter>
    <Filter Include="Source\Hect\IO">
      <UniqueIdentifier>{5bbdd8d5-f376-4058-9ae4-7fe7e9446d8c}</UniqueIdentifier>
      <Extensions>
      </Extensions>
    </Filter>
    <Filter Include="Source\Hect\Math">
      <UniqueIdentifier>{9587974b-3e96-4d3a-abd3-54aaaa7db50a}</UniqueIdentifier>
      <Extensions>
      </Extensions>
    </Filter>
    <Filter Include="Source\Hect\Network">
      <UniqueIdentifier>{999f82bf-a1d8-43de-a449-3caead469c9f}</UniqueIdentifier>
      <Extensions>
      </Extensions>
    </Filter>
    <Filter Include="Source\Hect\Noise">
      <UniqueIdentifier>{69dbeee7-c972-43ae-9e4f-e9c2ef387b47}</UniqueIdentifier>
      <Extensions>
      </Extensions>
    </Filter>
    <Filter Include="Source\Hect\IO\Encoders">
      <UniqueIdentifier>{772319fc-e0b7-4c8b-91ab-02bb7147edea}</UniqueIdentifier>
    </Filter>
    <Filter Include="Source\Hect\Logic">
      <UniqueIdentifier>{5d093005-925d-44ba-8c9b-24d787d83e15}</UniqueIdentifier>
      <Extensions>
      </Extensions>
    </Filter>
    <Filter Include="Source\Hect\Debug">
      <UniqueIdentifier>{ac0b775d-5eba-4880-b4ac-df136be6b3d7}</UniqueIdentifier>
    </Filter>
    <Filter Include="Source\Hect\Logic\Components">
      <UniqueIdentifier>{f8138151-3641-4ce7-9a56-291c5828de9f}</UniqueIdentifier>
    </Filter>
    <Filter Include="Source\Hect\Logic\Systems">
      <UniqueIdentifier>{a82148ea-31f1-451b-b1fd-e2e2c7ffea7a}</UniqueIdentifier>
    </Filter>
  </ItemGroup>
  <ItemGroup>
    <ClInclude Include="Source\Hect\Core\Any.h">
      <Filter>Source\Hect\Core</Filter>
    </ClInclude>
    <ClInclude Include="Source\Hect\Core\Configuration.h">
      <Filter>Source\Hect\Core</Filter>
    </ClInclude>
    <ClInclude Include="Source\Hect\Core\Dispatcher.h">
      <Filter>Source\Hect\Core</Filter>
    </ClInclude>
    <ClInclude Include="Source\Hect\Core\Error.h">
      <Filter>Source\Hect\Core</Filter>
    </ClInclude>
    <ClInclude Include="Source\Hect\Core\Format.h">
      <Filter>Source\Hect\Core</Filter>
    </ClInclude>
    <ClInclude Include="Source\Hect\Core\IdPool.h">
      <Filter>Source\Hect\Core</Filter>
    </ClInclude>
    <ClInclude Include="Source\Hect\Core\Listener.h">
      <Filter>Source\Hect\Core</Filter>
    </ClInclude>
    <ClInclude Include="Source\Hect\Core\Logging.h">
      <Filter>Source\Hect\Core</Filter>
    </ClInclude>
    <ClInclude Include="Source\Hect\Core\LogicFlow.h">
      <Filter>Source\Hect\Core</Filter>
    </ClInclude>
    <ClInclude Include="Source\Hect\Core\LogicLayer.h">
      <Filter>Source\Hect\Core</Filter>
    </ClInclude>
    <ClInclude Include="Source\Hect\Core\Real.h">
      <Filter>Source\Hect\Core</Filter>
    </ClInclude>
    <ClInclude Include="Source\Hect\Core\TaskPool.h">
      <Filter>Source\Hect\Core</Filter>
    </ClInclude>
    <ClInclude Include="Source\Hect\Core\Timer.h">
      <Filter>Source\Hect\Core</Filter>
    </ClInclude>
    <ClInclude Include="Source\Hect\Core\TimeSpan.h">
      <Filter>Source\Hect\Core</Filter>
    </ClInclude>
    <ClInclude Include="Source\Hect\Core\Uncopyable.h">
      <Filter>Source\Hect\Core</Filter>
    </ClInclude>
    <ClInclude Include="Source\Hect\Graphics\FrameBuffer.h">
      <Filter>Source\Hect\Graphics</Filter>
    </ClInclude>
    <ClInclude Include="Source\Hect\Graphics\Image.h">
      <Filter>Source\Hect\Graphics</Filter>
    </ClInclude>
    <ClInclude Include="Source\Hect\Graphics\Material.h">
      <Filter>Source\Hect\Graphics</Filter>
    </ClInclude>
    <ClInclude Include="Source\Hect\Graphics\Mesh.h">
      <Filter>Source\Hect\Graphics</Filter>
    </ClInclude>
    <ClInclude Include="Source\Hect\Graphics\MeshReader.h">
      <Filter>Source\Hect\Graphics</Filter>
    </ClInclude>
    <ClInclude Include="Source\Hect\Graphics\MeshWriter.h">
      <Filter>Source\Hect\Graphics</Filter>
    </ClInclude>
    <ClInclude Include="Source\Hect\Graphics\Pass.h">
      <Filter>Source\Hect\Graphics</Filter>
    </ClInclude>
    <ClInclude Include="Source\Hect\Graphics\PassUniformValue.h">
      <Filter>Source\Hect\Graphics</Filter>
    </ClInclude>
    <ClInclude Include="Source\Hect\Graphics\Renderer.h">
      <Filter>Source\Hect\Graphics</Filter>
    </ClInclude>
    <ClInclude Include="Source\Hect\Graphics\RendererObject.h">
      <Filter>Source\Hect\Graphics</Filter>
    </ClInclude>
    <ClInclude Include="Source\Hect\Graphics\RenderMode.h">
      <Filter>Source\Hect\Graphics</Filter>
    </ClInclude>
    <ClInclude Include="Source\Hect\Graphics\RenderTarget.h">
      <Filter>Source\Hect\Graphics</Filter>
    </ClInclude>
    <ClInclude Include="Source\Hect\Graphics\Shader.h">
      <Filter>Source\Hect\Graphics</Filter>
    </ClInclude>
    <ClInclude Include="Source\Hect\Graphics\ShaderModule.h">
      <Filter>Source\Hect\Graphics</Filter>
    </ClInclude>
    <ClInclude Include="Source\Hect\Graphics\Technique.h">
      <Filter>Source\Hect\Graphics</Filter>
    </ClInclude>
    <ClInclude Include="Source\Hect\Graphics\Texture.h">
      <Filter>Source\Hect\Graphics</Filter>
    </ClInclude>
    <ClInclude Include="Source\Hect\Graphics\Uniform.h">
      <Filter>Source\Hect\Graphics</Filter>
    </ClInclude>
    <ClInclude Include="Source\Hect\Graphics\UniformValue.h">
      <Filter>Source\Hect\Graphics</Filter>
    </ClInclude>
    <ClInclude Include="Source\Hect\Graphics\VertexAttribute.h">
      <Filter>Source\Hect\Graphics</Filter>
    </ClInclude>
    <ClInclude Include="Source\Hect\Graphics\VertexLayout.h">
      <Filter>Source\Hect\Graphics</Filter>
    </ClInclude>
    <ClInclude Include="Source\Hect\Graphics\VideoMode.h">
      <Filter>Source\Hect\Graphics</Filter>
    </ClInclude>
    <ClInclude Include="Source\Hect\Graphics\Window.h">
      <Filter>Source\Hect\Graphics</Filter>
    </ClInclude>
    <ClInclude Include="Source\Hect\Input\InputAxis.h">
      <Filter>Source\Hect\Input</Filter>
    </ClInclude>
    <ClInclude Include="Source\Hect\Input\InputSystem.h">
      <Filter>Source\Hect\Input</Filter>
    </ClInclude>
    <ClInclude Include="Source\Hect\Input\Keyboard.h">
      <Filter>Source\Hect\Input</Filter>
    </ClInclude>
    <ClInclude Include="Source\Hect\Input\Mouse.h">
      <Filter>Source\Hect\Input</Filter>
    </ClInclude>
    <ClInclude Include="Source\Hect\Internal\Bullet.h">
      <Filter>Source\Hect\Internal</Filter>
    </ClInclude>
    <ClInclude Include="Source\Hect\IO\FileReadStream.h">
      <Filter>Source\Hect\IO</Filter>
    </ClInclude>
    <ClInclude Include="Source\Hect\IO\FileSystem.h">
      <Filter>Source\Hect\IO</Filter>
    </ClInclude>
    <ClInclude Include="Source\Hect\IO\FileWriteStream.h">
      <Filter>Source\Hect\IO</Filter>
    </ClInclude>
    <ClInclude Include="Source\Hect\IO\MemoryReadStream.h">
      <Filter>Source\Hect\IO</Filter>
    </ClInclude>
    <ClInclude Include="Source\Hect\IO\MemoryWriteStream.h">
      <Filter>Source\Hect\IO</Filter>
    </ClInclude>
    <ClInclude Include="Source\Hect\IO\Path.h">
      <Filter>Source\Hect\IO</Filter>
    </ClInclude>
    <ClInclude Include="Source\Hect\IO\ReadStream.h">
      <Filter>Source\Hect\IO</Filter>
    </ClInclude>
    <ClInclude Include="Source\Hect\IO\WriteStream.h">
      <Filter>Source\Hect\IO</Filter>
    </ClInclude>
    <ClInclude Include="Source\Hect\Math\Angle.h">
      <Filter>Source\Hect\Math</Filter>
    </ClInclude>
    <ClInclude Include="Source\Hect\Math\AxisAlignedBox.h">
      <Filter>Source\Hect\Math</Filter>
    </ClInclude>
    <ClInclude Include="Source\Hect\Math\Box.h">
      <Filter>Source\Hect\Math</Filter>
    </ClInclude>
    <ClInclude Include="Source\Hect\Math\Constants.h">
      <Filter>Source\Hect\Math</Filter>
    </ClInclude>
    <ClInclude Include="Source\Hect\Math\Frustum.h">
      <Filter>Source\Hect\Math</Filter>
    </ClInclude>
    <ClInclude Include="Source\Hect\Math\Matrix4.h">
      <Filter>Source\Hect\Math</Filter>
    </ClInclude>
    <ClInclude Include="Source\Hect\Math\Plane.h">
      <Filter>Source\Hect\Math</Filter>
    </ClInclude>
    <ClInclude Include="Source\Hect\Math\Quaternion.h">
      <Filter>Source\Hect\Math</Filter>
    </ClInclude>
    <ClInclude Include="Source\Hect\Math\Sphere.h">
      <Filter>Source\Hect\Math</Filter>
    </ClInclude>
    <ClInclude Include="Source\Hect\Math\Vector2.h">
      <Filter>Source\Hect\Math</Filter>
    </ClInclude>
    <ClInclude Include="Source\Hect\Math\Vector3.h">
      <Filter>Source\Hect\Math</Filter>
    </ClInclude>
    <ClInclude Include="Source\Hect\Math\Vector4.h">
      <Filter>Source\Hect\Math</Filter>
    </ClInclude>
    <ClInclude Include="Source\Hect\Network\IpAddress.h">
      <Filter>Source\Hect\Network</Filter>
    </ClInclude>
    <ClInclude Include="Source\Hect\Network\Packet.h">
      <Filter>Source\Hect\Network</Filter>
    </ClInclude>
    <ClInclude Include="Source\Hect\Network\Peer.h">
      <Filter>Source\Hect\Network</Filter>
    </ClInclude>
    <ClInclude Include="Source\Hect\Network\Socket.h">
      <Filter>Source\Hect\Network</Filter>
    </ClInclude>
    <ClInclude Include="Source\Hect\Noise\Random.h">
      <Filter>Source\Hect\Noise</Filter>
    </ClInclude>
    <ClInclude Include="Source\Hect\IO\Encodable.h">
      <Filter>Source\Hect\IO</Filter>
    </ClInclude>
    <ClInclude Include="Source\Hect\IO\Encoders\MeshEncoder.h">
      <Filter>Source\Hect\IO\Encoders</Filter>
    </ClInclude>
    <ClInclude Include="Source\Hect\IO\Encoders\VertexLayoutEncoder.h">
      <Filter>Source\Hect\IO\Encoders</Filter>
    </ClInclude>
    <ClInclude Include="Source\Hect\IO\Encoders\ImagePngEncoder.h">
      <Filter>Source\Hect\IO\Encoders</Filter>
    </ClInclude>
    <ClInclude Include="Source\Hect\IO\Encoders\ShaderEncoder.h">
      <Filter>Source\Hect\IO\Encoders</Filter>
    </ClInclude>
    <ClInclude Include="Source\Hect\IO\Encoders\UniformEncoder.h">
      <Filter>Source\Hect\IO\Encoders</Filter>
    </ClInclude>
    <ClInclude Include="Source\Hect\IO\Encoders\UniformValueEncoder.h">
      <Filter>Source\Hect\IO\Encoders</Filter>
    </ClInclude>
    <ClInclude Include="Source\Hect\IO\Encoders\MaterialEncoder.h">
      <Filter>Source\Hect\IO\Encoders</Filter>
    </ClInclude>
    <ClInclude Include="Source\Hect\IO\Encoders\InputAxisEncoder.h">
      <Filter>Source\Hect\IO\Encoders</Filter>
    </ClInclude>
    <ClInclude Include="Source\Hect\IO\Encoders\TextureEncoder.h">
      <Filter>Source\Hect\IO\Encoders</Filter>
    </ClInclude>
    <ClInclude Include="Source\Hect\IO\EncodingMagicNumber.h">
      <Filter>Source\Hect\IO</Filter>
    </ClInclude>
    <ClInclude Include="Source\Hect\IO\JsonValue.h">
      <Filter>Source\Hect\IO</Filter>
    </ClInclude>
    <ClInclude Include="Source\Hect\IO\Encoder.h">
      <Filter>Source\Hect\IO</Filter>
    </ClInclude>
    <ClInclude Include="Source\Hect\IO\Decoder.h">
      <Filter>Source\Hect\IO</Filter>
    </ClInclude>
    <ClInclude Include="Source\Hect\IO\JsonEncoder.h">
      <Filter>Source\Hect\IO</Filter>
    </ClInclude>
    <ClInclude Include="Source\Hect\IO\BinaryEncoder.h">
      <Filter>Source\Hect\IO</Filter>
    </ClInclude>
    <ClInclude Include="Source\Hect\IO\JsonDecoder.h">
      <Filter>Source\Hect\IO</Filter>
    </ClInclude>
    <ClInclude Include="Source\Hect\IO\BinaryDecoder.h">
      <Filter>Source\Hect\IO</Filter>
    </ClInclude>
    <ClInclude Include="Source\Hect\Logic\Component.h">
      <Filter>Source\Hect\Logic</Filter>
    </ClInclude>
    <ClInclude Include="Source\Hect\Logic\ComponentPool.h">
      <Filter>Source\Hect\Logic</Filter>
    </ClInclude>
    <ClInclude Include="Source\Hect\Logic\Entity.h">
      <Filter>Source\Hect\Logic</Filter>
    </ClInclude>
    <ClInclude Include="Source\Hect\Logic\Scene.h">
      <Filter>Source\Hect\Logic</Filter>
    </ClInclude>
    <ClInclude Include="Source\Hect\Logic\System.h">
      <Filter>Source\Hect\Logic</Filter>
    </ClInclude>
    <ClInclude Include="Source\Hect\Logic\EntityPool.h">
      <Filter>Source\Hect\Logic</Filter>
    </ClInclude>
    <ClInclude Include="Source\Hect\Logic\EntityEvent.h">
      <Filter>Source\Hect\Logic</Filter>
    </ClInclude>
    <ClInclude Include="Source\Hect\Logic\ComponentEvent.h">
      <Filter>Source\Hect\Logic</Filter>
    </ClInclude>
    <ClInclude Include="Source\Hect\Debug\TransformDebugRenderLayer.h">
      <Filter>Source\Hect\Debug</Filter>
    </ClInclude>
    <ClInclude Include="Source\Hect\Debug\DebugRenderLayer.h">
      <Filter>Source\Hect\Debug</Filter>
    </ClInclude>
    <ClInclude Include="Source\Hect\Logic\Components\AmbientLight.h">
      <Filter>Source\Hect\Logic\Components</Filter>
    </ClInclude>
    <ClInclude Include="Source\Hect\Logic\Components\Camera.h">
      <Filter>Source\Hect\Logic\Components</Filter>
    </ClInclude>
    <ClInclude Include="Source\Hect\Logic\Components\DirectionalLight.h">
      <Filter>Source\Hect\Logic\Components</Filter>
    </ClInclude>
    <ClInclude Include="Source\Hect\Logic\Components\Geometry.h">
      <Filter>Source\Hect\Logic\Components</Filter>
    </ClInclude>
    <ClInclude Include="Source\Hect\Logic\Components\RigidBody.h">
      <Filter>Source\Hect\Logic\Components</Filter>
    </ClInclude>
    <ClInclude Include="Source\Hect\Logic\Components\Transform.h">
      <Filter>Source\Hect\Logic\Components</Filter>
    </ClInclude>
    <ClInclude Include="Source\Hect\Logic\Systems\DebugSystem.h">
      <Filter>Source\Hect\Logic\Systems</Filter>
    </ClInclude>
    <ClInclude Include="Source\Hect\Logic\Systems\PhysicsSystem.h">
      <Filter>Source\Hect\Logic\Systems</Filter>
    </ClInclude>
    <ClInclude Include="Source\Hect\Logic\Systems\RenderSystem.h">
      <Filter>Source\Hect\Logic\Systems</Filter>
    </ClInclude>
    <ClInclude Include="Source\Hect\Logic\Systems\TransformSystem.h">
      <Filter>Source\Hect\Logic\Systems</Filter>
    </ClInclude>
    <ClInclude Include="Source\Hect\Logic\Components\BoundingBox.h">
      <Filter>Source\Hect\Logic\Components</Filter>
    </ClInclude>
    <ClInclude Include="Source\Hect\Debug\BoundingBoxDebugRenderLayer.h">
      <Filter>Source\Hect\Debug</Filter>
    </ClInclude>
    <ClInclude Include="Source\Hect\IO\AssetCache.h">
      <Filter>Source\Hect\IO</Filter>
    </ClInclude>
    <ClInclude Include="Source\Hect\IO\AssetEntry.h">
      <Filter>Source\Hect\IO</Filter>
    </ClInclude>
    <ClInclude Include="Source\Hect\IO\AssetHandle.h">
      <Filter>Source\Hect\IO</Filter>
    </ClInclude>
    <ClInclude Include="Source\Hect\IO\AssetLoader.h">
      <Filter>Source\Hect\IO</Filter>
    </ClInclude>
    <ClInclude Include="Source\Hect\Graphics\RenderState.h">
      <Filter>Source\Hect\Graphics</Filter>
    </ClInclude>
    <ClInclude Include="Source\Hect\Graphics\BlendFactor.h">
      <Filter>Source\Hect\Graphics</Filter>
    </ClInclude>
    <ClInclude Include="Source\Hect\Graphics\PixelType.h">
      <Filter>Source\Hect\Graphics</Filter>
    </ClInclude>
    <ClInclude Include="Source\Hect\Graphics\PixelFormat.h">
      <Filter>Source\Hect\Graphics</Filter>
    </ClInclude>
    <ClInclude Include="Source\Hect\Graphics\ColorSpace.h">
      <Filter>Source\Hect\Graphics</Filter>
    </ClInclude>
    <ClInclude Include="Source\Hect\Graphics\PrimitiveType.h">
      <Filter>Source\Hect\Graphics</Filter>
    </ClInclude>
    <ClInclude Include="Source\Hect\Graphics\IndexType.h">
      <Filter>Source\Hect\Graphics</Filter>
    </ClInclude>
    <ClInclude Include="Source\Hect\Input\InputAxisSource.h">
      <Filter>Source\Hect\Input</Filter>
    </ClInclude>
    <ClInclude Include="Source\Hect\Input\Key.h">
      <Filter>Source\Hect\Input</Filter>
    </ClInclude>
    <ClInclude Include="Source\Hect\Input\MouseButton.h">
      <Filter>Source\Hect\Input</Filter>
    </ClInclude>
    <ClInclude Include="Source\Hect\Graphics\TextureFilter.h">
      <Filter>Source\Hect\Graphics</Filter>
    </ClInclude>
    <ClInclude Include="Source\Hect\Graphics\UniformBinding.h">
      <Filter>Source\Hect\Graphics</Filter>
    </ClInclude>
    <ClInclude Include="Source\Hect\Graphics\UniformType.h">
      <Filter>Source\Hect\Graphics</Filter>
    </ClInclude>
    <ClInclude Include="Source\Hect\Graphics\VertexAttributeSemantic.h">
      <Filter>Source\Hect\Graphics</Filter>
    </ClInclude>
    <ClInclude Include="Source\Hect\Graphics\VertexAttributeType.h">
      <Filter>Source\Hect\Graphics</Filter>
    </ClInclude>
    <ClInclude Include="Source\Hect\Core\Enum.h">
      <Filter>Source\Hect\Core</Filter>
    </ClInclude>
  </ItemGroup>
  <ItemGroup>
    <ClCompile Include="Source\Hect\Core\Any.cpp">
      <Filter>Source\Hect\Core</Filter>
    </ClCompile>
    <ClCompile Include="Source\Hect\Core\Error.cpp">
      <Filter>Source\Hect\Core</Filter>
    </ClCompile>
    <ClCompile Include="Source\Hect\Core\Format.cpp">
      <Filter>Source\Hect\Core</Filter>
    </ClCompile>
    <ClCompile Include="Source\Hect\Core\Logging.cpp">
      <Filter>Source\Hect\Core</Filter>
    </ClCompile>
    <ClCompile Include="Source\Hect\Core\LogicFlow.cpp">
      <Filter>Source\Hect\Core</Filter>
    </ClCompile>
    <ClCompile Include="Source\Hect\Core\LogicLayer.cpp">
      <Filter>Source\Hect\Core</Filter>
    </ClCompile>
    <ClCompile Include="Source\Hect\Core\TaskPool.cpp">
      <Filter>Source\Hect\Core</Filter>
    </ClCompile>
    <ClCompile Include="Source\Hect\Core\Timer.cpp">
      <Filter>Source\Hect\Core</Filter>
    </ClCompile>
    <ClCompile Include="Source\Hect\Core\TimeSpan.cpp">
      <Filter>Source\Hect\Core</Filter>
    </ClCompile>
    <ClCompile Include="Source\Hect\Graphics\FrameBuffer.cpp">
      <Filter>Source\Hect\Graphics</Filter>
    </ClCompile>
    <ClCompile Include="Source\Hect\Graphics\Image.cpp">
      <Filter>Source\Hect\Graphics</Filter>
    </ClCompile>
    <ClCompile Include="Source\Hect\Graphics\ImageLoader.cpp">
      <Filter>Source\Hect\Graphics</Filter>
    </ClCompile>
    <ClCompile Include="Source\Hect\Graphics\Material.cpp">
      <Filter>Source\Hect\Graphics</Filter>
    </ClCompile>
    <ClCompile Include="Source\Hect\Graphics\MaterialLoader.cpp">
      <Filter>Source\Hect\Graphics</Filter>
    </ClCompile>
    <ClCompile Include="Source\Hect\Graphics\Mesh.cpp">
      <Filter>Source\Hect\Graphics</Filter>
    </ClCompile>
    <ClCompile Include="Source\Hect\Graphics\MeshLoader.cpp">
      <Filter>Source\Hect\Graphics</Filter>
    </ClCompile>
    <ClCompile Include="Source\Hect\Graphics\MeshReader.cpp">
      <Filter>Source\Hect\Graphics</Filter>
    </ClCompile>
    <ClCompile Include="Source\Hect\Graphics\MeshWriter.cpp">
      <Filter>Source\Hect\Graphics</Filter>
    </ClCompile>
    <ClCompile Include="Source\Hect\Graphics\Pass.cpp">
      <Filter>Source\Hect\Graphics</Filter>
    </ClCompile>
    <ClCompile Include="Source\Hect\Graphics\PassUniformValue.cpp">
      <Filter>Source\Hect\Graphics</Filter>
    </ClCompile>
    <ClCompile Include="Source\Hect\Graphics\Renderer.cpp">
      <Filter>Source\Hect\Graphics</Filter>
    </ClCompile>
    <ClCompile Include="Source\Hect\Graphics\RendererObject.cpp">
      <Filter>Source\Hect\Graphics</Filter>
    </ClCompile>
    <ClCompile Include="Source\Hect\Graphics\RenderMode.cpp">
      <Filter>Source\Hect\Graphics</Filter>
    </ClCompile>
    <ClCompile Include="Source\Hect\Graphics\RenderTarget.cpp">
      <Filter>Source\Hect\Graphics</Filter>
    </ClCompile>
    <ClCompile Include="Source\Hect\Graphics\Shader.cpp">
      <Filter>Source\Hect\Graphics</Filter>
    </ClCompile>
    <ClCompile Include="Source\Hect\Graphics\ShaderLoader.cpp">
      <Filter>Source\Hect\Graphics</Filter>
    </ClCompile>
    <ClCompile Include="Source\Hect\Graphics\ShaderModule.cpp">
      <Filter>Source\Hect\Graphics</Filter>
    </ClCompile>
    <ClCompile Include="Source\Hect\Graphics\ShaderModuleLoader.cpp">
      <Filter>Source\Hect\Graphics</Filter>
    </ClCompile>
    <ClCompile Include="Source\Hect\Graphics\Technique.cpp">
      <Filter>Source\Hect\Graphics</Filter>
    </ClCompile>
    <ClCompile Include="Source\Hect\Graphics\Texture.cpp">
      <Filter>Source\Hect\Graphics</Filter>
    </ClCompile>
    <ClCompile Include="Source\Hect\Graphics\TextureLoader.cpp">
      <Filter>Source\Hect\Graphics</Filter>
    </ClCompile>
    <ClCompile Include="Source\Hect\Graphics\Uniform.cpp">
      <Filter>Source\Hect\Graphics</Filter>
    </ClCompile>
    <ClCompile Include="Source\Hect\Graphics\UniformValue.cpp">
      <Filter>Source\Hect\Graphics</Filter>
    </ClCompile>
    <ClCompile Include="Source\Hect\Graphics\VertexAttribute.cpp">
      <Filter>Source\Hect\Graphics</Filter>
    </ClCompile>
    <ClCompile Include="Source\Hect\Graphics\VertexLayout.cpp">
      <Filter>Source\Hect\Graphics</Filter>
    </ClCompile>
    <ClCompile Include="Source\Hect\Graphics\VideoMode.cpp">
      <Filter>Source\Hect\Graphics</Filter>
    </ClCompile>
    <ClCompile Include="Source\Hect\Graphics\Window.cpp">
      <Filter>Source\Hect\Graphics</Filter>
    </ClCompile>
    <ClCompile Include="Source\Hect\Input\InputAxis.cpp">
      <Filter>Source\Hect\Input</Filter>
    </ClCompile>
    <ClCompile Include="Source\Hect\Input\InputSystem.cpp">
      <Filter>Source\Hect\Input</Filter>
    </ClCompile>
    <ClCompile Include="Source\Hect\Input\Keyboard.cpp">
      <Filter>Source\Hect\Input</Filter>
    </ClCompile>
    <ClCompile Include="Source\Hect\Input\Mouse.cpp">
      <Filter>Source\Hect\Input</Filter>
    </ClCompile>
    <ClCompile Include="Source\Hect\Internal\Bullet.cpp">
      <Filter>Source\Hect\Internal</Filter>
    </ClCompile>
    <ClCompile Include="Source\Hect\IO\FileReadStream.cpp">
      <Filter>Source\Hect\IO</Filter>
    </ClCompile>
    <ClCompile Include="Source\Hect\IO\FileSystem.cpp">
      <Filter>Source\Hect\IO</Filter>
    </ClCompile>
    <ClCompile Include="Source\Hect\IO\FileWriteStream.cpp">
      <Filter>Source\Hect\IO</Filter>
    </ClCompile>
    <ClCompile Include="Source\Hect\IO\MemoryReadStream.cpp">
      <Filter>Source\Hect\IO</Filter>
    </ClCompile>
    <ClCompile Include="Source\Hect\IO\MemoryWriteStream.cpp">
      <Filter>Source\Hect\IO</Filter>
    </ClCompile>
    <ClCompile Include="Source\Hect\IO\Path.cpp">
      <Filter>Source\Hect\IO</Filter>
    </ClCompile>
    <ClCompile Include="Source\Hect\IO\ReadStream.cpp">
      <Filter>Source\Hect\IO</Filter>
    </ClCompile>
    <ClCompile Include="Source\Hect\IO\WriteStream.cpp">
      <Filter>Source\Hect\IO</Filter>
    </ClCompile>
    <ClCompile Include="Source\Hect\Math\Angle.cpp">
      <Filter>Source\Hect\Math</Filter>
    </ClCompile>
    <ClCompile Include="Source\Hect\Math\AxisAlignedBox.cpp">
      <Filter>Source\Hect\Math</Filter>
    </ClCompile>
    <ClCompile Include="Source\Hect\Math\Box.cpp">
      <Filter>Source\Hect\Math</Filter>
    </ClCompile>
    <ClCompile Include="Source\Hect\Math\Frustum.cpp">
      <Filter>Source\Hect\Math</Filter>
    </ClCompile>
    <ClCompile Include="Source\Hect\Math\Plane.cpp">
      <Filter>Source\Hect\Math</Filter>
    </ClCompile>
    <ClCompile Include="Source\Hect\Math\Sphere.cpp">
      <Filter>Source\Hect\Math</Filter>
    </ClCompile>
    <ClCompile Include="Source\Hect\Network\IpAddress.cpp">
      <Filter>Source\Hect\Network</Filter>
    </ClCompile>
    <ClCompile Include="Source\Hect\Network\Packet.cpp">
      <Filter>Source\Hect\Network</Filter>
    </ClCompile>
    <ClCompile Include="Source\Hect\Network\Peer.cpp">
      <Filter>Source\Hect\Network</Filter>
    </ClCompile>
    <ClCompile Include="Source\Hect\Network\Socket.cpp">
      <Filter>Source\Hect\Network</Filter>
    </ClCompile>
    <ClCompile Include="Source\Hect\Noise\Random.cpp">
      <Filter>Source\Hect\Noise</Filter>
    </ClCompile>
    <ClCompile Include="Source\Hect\IO\Encodable.cpp">
      <Filter>Source\Hect\IO</Filter>
    </ClCompile>
    <ClCompile Include="Source\Hect\IO\Encoders\MeshEncoder.cpp">
      <Filter>Source\Hect\IO\Encoders</Filter>
    </ClCompile>
    <ClCompile Include="Source\Hect\IO\Encoders\VertexLayoutEncoder.cpp">
      <Filter>Source\Hect\IO\Encoders</Filter>
    </ClCompile>
    <ClCompile Include="Source\Hect\IO\Encoders\ImagePngEncoder.cpp">
      <Filter>Source\Hect\IO\Encoders</Filter>
    </ClCompile>
    <ClCompile Include="Source\Hect\IO\Encoders\ShaderEncoder.cpp">
      <Filter>Source\Hect\IO\Encoders</Filter>
    </ClCompile>
    <ClCompile Include="Source\Hect\IO\Encoders\UniformEncoder.cpp">
      <Filter>Source\Hect\IO\Encoders</Filter>
    </ClCompile>
    <ClCompile Include="Source\Hect\IO\Encoders\UniformValueEncoder.cpp">
      <Filter>Source\Hect\IO\Encoders</Filter>
    </ClCompile>
    <ClCompile Include="Source\Hect\IO\Encoders\MaterialEncoder.cpp">
      <Filter>Source\Hect\IO\Encoders</Filter>
    </ClCompile>
    <ClCompile Include="Source\Hect\IO\Encoders\InputAxisEncoder.cpp">
      <Filter>Source\Hect\IO\Encoders</Filter>
    </ClCompile>
    <ClCompile Include="Source\Hect\IO\Encoders\TextureEncoder.cpp">
      <Filter>Source\Hect\IO\Encoders</Filter>
    </ClCompile>
    <ClCompile Include="Source\Hect\IO\JsonValue.cpp">
      <Filter>Source\Hect\IO</Filter>
    </ClCompile>
    <ClCompile Include="Source\Hect\IO\JsonValueLoader.cpp">
      <Filter>Source\Hect\IO</Filter>
    </ClCompile>
    <ClCompile Include="Source\Hect\IO\Encoder.cpp">
      <Filter>Source\Hect\IO</Filter>
    </ClCompile>
    <ClCompile Include="Source\Hect\IO\Decoder.cpp">
      <Filter>Source\Hect\IO</Filter>
    </ClCompile>
    <ClCompile Include="Source\Hect\IO\JsonDecoder.cpp">
      <Filter>Source\Hect\IO</Filter>
    </ClCompile>
    <ClCompile Include="Source\Hect\IO\BinaryEncoder.cpp">
      <Filter>Source\Hect\IO</Filter>
    </ClCompile>
    <ClCompile Include="Source\Hect\IO\JsonEncoder.cpp">
      <Filter>Source\Hect\IO</Filter>
    </ClCompile>
    <ClCompile Include="Source\Hect\IO\BinaryDecoder.cpp">
      <Filter>Source\Hect\IO</Filter>
    </ClCompile>
    <ClCompile Include="Source\Hect\Core\Uncopyable.cpp">
      <Filter>Source\Hect\Core</Filter>
    </ClCompile>
    <ClCompile Include="Source\Hect\Logic\Entity.cpp">
      <Filter>Source\Hect\Logic</Filter>
    </ClCompile>
    <ClCompile Include="Source\Hect\Logic\Scene.cpp">
      <Filter>Source\Hect\Logic</Filter>
    </ClCompile>
    <ClCompile Include="Source\Hect\Logic\System.cpp">
      <Filter>Source\Hect\Logic</Filter>
    </ClCompile>
    <ClCompile Include="Source\Hect\Logic\EntityPool.cpp">
      <Filter>Source\Hect\Logic</Filter>
    </ClCompile>
    <ClCompile Include="Source\Hect\Logic\EntityEvent.cpp">
      <Filter>Source\Hect\Logic</Filter>
    </ClCompile>
    <ClCompile Include="Source\Hect\Debug\TransformDebugRenderLayer.cpp">
      <Filter>Source\Hect\Debug</Filter>
    </ClCompile>
    <ClCompile Include="Source\Hect\Debug\DebugRenderLayer.cpp">
      <Filter>Source\Hect\Debug</Filter>
    </ClCompile>
    <ClCompile Include="Source\Hect\Logic\Components\AmbientLight.cpp">
      <Filter>Source\Hect\Logic\Components</Filter>
    </ClCompile>
    <ClCompile Include="Source\Hect\Logic\Components\Camera.cpp">
      <Filter>Source\Hect\Logic\Components</Filter>
    </ClCompile>
    <ClCompile Include="Source\Hect\Logic\Components\DirectionalLight.cpp">
      <Filter>Source\Hect\Logic\Components</Filter>
    </ClCompile>
    <ClCompile Include="Source\Hect\Logic\Components\Geometry.cpp">
      <Filter>Source\Hect\Logic\Components</Filter>
    </ClCompile>
    <ClCompile Include="Source\Hect\Logic\Components\RigidBody.cpp">
      <Filter>Source\Hect\Logic\Components</Filter>
    </ClCompile>
    <ClCompile Include="Source\Hect\Logic\Components\Transform.cpp">
      <Filter>Source\Hect\Logic\Components</Filter>
    </ClCompile>
    <ClCompile Include="Source\Hect\Logic\Systems\DebugSystem.cpp">
      <Filter>Source\Hect\Logic\Systems</Filter>
    </ClCompile>
    <ClCompile Include="Source\Hect\Logic\Systems\PhysicsSystem.cpp">
      <Filter>Source\Hect\Logic\Systems</Filter>
    </ClCompile>
    <ClCompile Include="Source\Hect\Logic\Systems\RenderSystem.cpp">
      <Filter>Source\Hect\Logic\Systems</Filter>
    </ClCompile>
    <ClCompile Include="Source\Hect\Logic\Systems\TransformSystem.cpp">
      <Filter>Source\Hect\Logic\Systems</Filter>
    </ClCompile>
    <ClCompile Include="Source\Hect\Logic\Components\BoundingBox.cpp">
      <Filter>Source\Hect\Logic\Components</Filter>
    </ClCompile>
    <ClCompile Include="Source\Hect\Debug\BoundingBoxDebugRenderLayer.cpp">
      <Filter>Source\Hect\Debug</Filter>
    </ClCompile>
    <ClCompile Include="Source\Hect\IO\AssetCache.cpp">
      <Filter>Source\Hect\IO</Filter>
    </ClCompile>
    <ClCompile Include="Source\Hect\Graphics\RenderState.cpp">
      <Filter>Source\Hect\Graphics</Filter>
    </ClCompile>
    <ClCompile Include="Source\Hect\Graphics\BlendFactor.cpp">
      <Filter>Source\Hect\Graphics</Filter>
    </ClCompile>
    <ClCompile Include="Source\Hect\Graphics\PixelFormat.cpp">
      <Filter>Source\Hect\Graphics</Filter>
    </ClCompile>
    <ClCompile Include="Source\Hect\Graphics\PixelType.cpp">
      <Filter>Source\Hect\Graphics</Filter>
    </ClCompile>
    <ClCompile Include="Source\Hect\Graphics\ColorSpace.cpp">
      <Filter>Source\Hect\Graphics</Filter>
    </ClCompile>
    <ClCompile Include="Source\Hect\Graphics\PrimitiveType.cpp">
      <Filter>Source\Hect\Graphics</Filter>
    </ClCompile>
    <ClCompile Include="Source\Hect\Graphics\IndexType.cpp">
      <Filter>Source\Hect\Graphics</Filter>
    </ClCompile>
    <ClCompile Include="Source\Hect\Input\InputAxisSource.cpp">
      <Filter>Source\Hect\Input</Filter>
    </ClCompile>
    <ClCompile Include="Source\Hect\Input\Key.cpp">
      <Filter>Source\Hect\Input</Filter>
    </ClCompile>
    <ClCompile Include="Source\Hect\Input\MouseButton.cpp">
      <Filter>Source\Hect\Input</Filter>
    </ClCompile>
    <ClCompile Include="Source\Hect\Graphics\TextureFilter.cpp">
      <Filter>Source\Hect\Graphics</Filter>
    </ClCompile>
    <ClCompile Include="Source\Hect\Graphics\UniformBinding.cpp">
      <Filter>Source\Hect\Graphics</Filter>
    </ClCompile>
    <ClCompile Include="Source\Hect\Graphics\UniformType.cpp">
      <Filter>Source\Hect\Graphics</Filter>
    </ClCompile>
    <ClCompile Include="Source\Hect\Graphics\VertexAttributeSemantic.cpp">
      <Filter>Source\Hect\Graphics</Filter>
    </ClCompile>
    <ClCompile Include="Source\Hect\Graphics\VertexAttributeType.cpp">
      <Filter>Source\Hect\Graphics</Filter>
    </ClCompile>
  </ItemGroup>
  <ItemGroup>
    <None Include="Source\Hect\Core\Any.inl">
      <Filter>Source\Hect\Core</Filter>
    </None>
    <None Include="Source\Hect\Core\Dispatcher.inl">
      <Filter>Source\Hect\Core</Filter>
    </None>
    <None Include="Source\Hect\Core\IdPool.inl">
      <Filter>Source\Hect\Core</Filter>
    </None>
    <None Include="Source\Hect\Math\Matrix4.inl">
      <Filter>Source\Hect\Math</Filter>
    </None>
    <None Include="Source\Hect\Math\Quaternion.inl">
      <Filter>Source\Hect\Math</Filter>
    </None>
    <None Include="Source\Hect\Math\Vector2.inl">
      <Filter>Source\Hect\Math</Filter>
    </None>
    <None Include="Source\Hect\Math\Vector3.inl">
      <Filter>Source\Hect\Math</Filter>
    </None>
    <None Include="Source\Hect\Math\Vector4.inl">
      <Filter>Source\Hect\Math</Filter>
    </None>
    <None Include="Source\Hect\Logic\Component.inl">
      <Filter>Source\Hect\Logic</Filter>
    </None>
    <None Include="Source\Hect\Logic\ComponentPool.inl">
      <Filter>Source\Hect\Logic</Filter>
    </None>
    <None Include="Source\Hect\Logic\Entity.inl">
      <Filter>Source\Hect\Logic</Filter>
    </None>
    <None Include="Source\Hect\Logic\Scene.inl">
      <Filter>Source\Hect\Logic</Filter>
    </None>
    <None Include="Source\Hect\IO\Decoder.inl">
      <Filter>Source\Hect\IO</Filter>
    </None>
    <None Include="Source\Hect\IO\Encoder.inl">
      <Filter>Source\Hect\IO</Filter>
    </None>
    <None Include="Source\Hect\Logic\ComponentEvent.inl">
      <Filter>Source\Hect\Logic</Filter>
    </None>
    <None Include="Source\Hect\IO\AssetCache.inl">
      <Filter>Source\Hect\IO</Filter>
    </None>
    <None Include="Source\Hect\IO\AssetEntry.inl">
      <Filter>Source\Hect\IO</Filter>
    </None>
    <None Include="Source\Hect\IO\AssetHandle.inl">
      <Filter>Source\Hect\IO</Filter>
    </None>
  </ItemGroup>
</Project>