
Microsoft Visual Studio Solution File, Format Version 12.00
# Visual Studio Express 2012 for Windows Desktop
Project("{8BC9CEB8-8B4A-11D0-8D11-00A0C91BC942}") = "Hect", "Hect.vcxproj", "{EAFD1572-5569-4643-A694-7F8F8D66E3AE}"
	ProjectSection(ProjectDependencies) = postProject
		{7BA6F903-7248-467B-B171-843BBA603AE0} = {7BA6F903-7248-467B-B171-843BBA603AE0}
		{F8DC1D2D-EDF4-4949-BA12-80F8A652DC89} = {F8DC1D2D-EDF4-4949-BA12-80F8A652DC89}
		{6D545E59-6771-4434-9919-58C356610D54} = {6D545E59-6771-4434-9919-58C356610D54}
		{15E02772-7B7A-4EC0-B029-B44A07C16632} = {15E02772-7B7A-4EC0-B029-B44A07C16632}
		{47AFF5C0-D11A-428C-9462-94938CFA6564} = {47AFF5C0-D11A-428C-9462-94938CFA6564}
		{7A5EAAD7-89F1-43C7-A5B4-1AC4FFECA75D} = {7A5EAAD7-89F1-43C7-A5B4-1AC4FFECA75D}
		{8A40F4E7-7350-4693-8346-2B706CC061E2} = {8A40F4E7-7350-4693-8346-2B706CC061E2}
	EndProjectSection
EndProject
Project("{8BC9CEB8-8B4A-11D0-8D11-00A0C91BC942}") = "UnitTests", "Tests\UnitTests\UnitTests.vcxproj", "{EF7E79E2-8551-4604-AE5E-B513DBBB7201}"
	ProjectSection(ProjectDependencies) = postProject
		{EAFD1572-5569-4643-A694-7F8F8D66E3AE} = {EAFD1572-5569-4643-A694-7F8F8D66E3AE}
		{2B692BE6-3355-488B-94F3-1BC09AA2E28F} = {2B692BE6-3355-488B-94F3-1BC09AA2E28F}
	EndProjectSection
EndProject
Project("{8BC9CEB8-8B4A-11D0-8D11-00A0C91BC942}") = "Common", "Samples\Common\Common.vcxproj", "{99A3F0B5-31E0-4732-BAA5-E31DBC26B2CD}"
	ProjectSection(ProjectDependencies) = postProject
		{EAFD1572-5569-4643-A694-7F8F8D66E3AE} = {EAFD1572-5569-4643-A694-7F8F8D66E3AE}
	EndProjectSection
EndProject
Project("{8BC9CEB8-8B4A-11D0-8D11-00A0C91BC942}") = "Cubes", "Samples\Cubes\Cubes.vcxproj", "{4B31760C-6423-4ECD-9214-4FED4DC7AE9D}"
EndProject
Project("{8BC9CEB8-8B4A-11D0-8D11-00A0C91BC942}") = "Bullet", "Dependencies\Bullet\Bullet.vcxproj", "{F8DC1D2D-EDF4-4949-BA12-80F8A652DC89}"
EndProject
Project("{8BC9CEB8-8B4A-11D0-8D11-00A0C91BC942}") = "ENet", "Dependencies\ENet\ENet.vcxproj", "{6D545E59-6771-4434-9919-58C356610D54}"
EndProject
Project("{8BC9CEB8-8B4A-11D0-8D11-00A0C91BC942}") = "Glew", "Dependencies\Glew\Glew.vcxproj", "{7A5EAAD7-89F1-43C7-A5B4-1AC4FFECA75D}"
EndProject
Project("{8BC9CEB8-8B4A-11D0-8D11-00A0C91BC942}") = "JsonCpp", "Dependencies\JsonCpp\JsonCpp.vcxproj", "{47AFF5C0-D11A-428C-9462-94938CFA6564}"
EndProject
Project("{8BC9CEB8-8B4A-11D0-8D11-00A0C91BC942}") = "LodePng", "Dependencies\LodePng\LodePng.vcxproj", "{7BA6F903-7248-467B-B171-843BBA603AE0}"
EndProject
Project("{8BC9CEB8-8B4A-11D0-8D11-00A0C91BC942}") = "PhysFS", "Dependencies\PhysFS\PhysFS.vcxproj", "{8A40F4E7-7350-4693-8346-2B706CC061E2}"
EndProject
Project("{8BC9CEB8-8B4A-11D0-8D11-00A0C91BC942}") = "Sfml", "Dependencies\Sfml\Sfml.vcxproj", "{15E02772-7B7A-4EC0-B029-B44A07C16632}"
EndProject
Project("{8BC9CEB8-8B4A-11D0-8D11-00A0C91BC942}") = "UnitTest++", "Dependencies\UnitTest++\UnitTest++.vcxproj", "{2B692BE6-3355-488B-94F3-1BC09AA2E28F}"
EndProject
Global
	GlobalSection(SolutionConfigurationPlatforms) = preSolution
		Debug|Win32 = Debug|Win32
		Debug|x64 = Debug|x64
		Release|Win32 = Release|Win32
		Release|x64 = Release|x64
	EndGlobalSection
	GlobalSection(ProjectConfigurationPlatforms) = postSolution
		{EAFD1572-5569-4643-A694-7F8F8D66E3AE}.Debug|Win32.ActiveCfg = Debug|Win32
		{EAFD1572-5569-4643-A694-7F8F8D66E3AE}.Debug|Win32.Build.0 = Debug|Win32
		{EAFD1572-5569-4643-A694-7F8F8D66E3AE}.Debug|x64.ActiveCfg = Debug|x64
		{EAFD1572-5569-4643-A694-7F8F8D66E3AE}.Debug|x64.Build.0 = Debug|x64
		{EAFD1572-5569-4643-A694-7F8F8D66E3AE}.Release|Win32.ActiveCfg = Release|Win32
		{EAFD1572-5569-4643-A694-7F8F8D66E3AE}.Release|Win32.Build.0 = Release|Win32
		{EAFD1572-5569-4643-A694-7F8F8D66E3AE}.Release|x64.ActiveCfg = Release|x64
		{EAFD1572-5569-4643-A694-7F8F8D66E3AE}.Release|x64.Build.0 = Release|x64
		{EF7E79E2-8551-4604-AE5E-B513DBBB7201}.Debug|Win32.ActiveCfg = Debug|Win32
		{EF7E79E2-8551-4604-AE5E-B513DBBB7201}.Debug|Win32.Build.0 = Debug|Win32
		{EF7E79E2-8551-4604-AE5E-B513DBBB7201}.Debug|x64.ActiveCfg = Debug|x64
		{EF7E79E2-8551-4604-AE5E-B513DBBB7201}.Debug|x64.Build.0 = Debug|x64
		{EF7E79E2-8551-4604-AE5E-B513DBBB7201}.Release|Win32.ActiveCfg = Release|Win32
		{EF7E79E2-8551-4604-AE5E-B513DBBB7201}.Release|Win32.Build.0 = Release|Win32
		{EF7E79E2-8551-4604-AE5E-B513DBBB7201}.Release|x64.ActiveCfg = Release|x64
		{EF7E79E2-8551-4604-AE5E-B513DBBB7201}.Release|x64.Build.0 = Release|x64
		{99A3F0B5-31E0-4732-BAA5-E31DBC26B2CD}.Debug|Win32.ActiveCfg = Debug|Win32
		{99A3F0B5-31E0-4732-BAA5-E31DBC26B2CD}.Debug|Win32.Build.0 = Debug|Win32
		{99A3F0B5-31E0-4732-BAA5-E31DBC26B2CD}.Debug|x64.ActiveCfg = Debug|x64
		{99A3F0B5-31E0-4732-BAA5-E31DBC26B2CD}.Debug|x64.Build.0 = Debug|x64
		{99A3F0B5-31E0-4732-BAA5-E31DBC26B2CD}.Release|Win32.ActiveCfg = Release|Win32
		{99A3F0B5-31E0-4732-BAA5-E31DBC26B2CD}.Release|Win32.Build.0 = Release|Win32
		{99A3F0B5-31E0-4732-BAA5-E31DBC26B2CD}.Release|x64.ActiveCfg = Release|x64
		{99A3F0B5-31E0-4732-BAA5-E31DBC26B2CD}.Release|x64.Build.0 = Release|x64
		{4B31760C-6423-4ECD-9214-4FED4DC7AE9D}.Debug|Win32.ActiveCfg = Debug|Win32
		{4B31760C-6423-4ECD-9214-4FED4DC7AE9D}.Debug|Win32.Build.0 = Debug|Win32
		{4B31760C-6423-4ECD-9214-4FED4DC7AE9D}.Debug|x64.ActiveCfg = Debug|x64
		{4B31760C-6423-4ECD-9214-4FED4DC7AE9D}.Debug|x64.Build.0 = Debug|x64
		{4B31760C-6423-4ECD-9214-4FED4DC7AE9D}.Release|Win32.ActiveCfg = Release|Win32
		{4B31760C-6423-4ECD-9214-4FED4DC7AE9D}.Release|Win32.Build.0 = Release|Win32
		{4B31760C-6423-4ECD-9214-4FED4DC7AE9D}.Release|x64.ActiveCfg = Release|x64
		{4B31760C-6423-4ECD-9214-4FED4DC7AE9D}.Release|x64.Build.0 = Release|x64
		{F8DC1D2D-EDF4-4949-BA12-80F8A652DC89}.Debug|Win32.ActiveCfg = Debug|Win32
		{F8DC1D2D-EDF4-4949-BA12-80F8A652DC89}.Debug|Win32.Build.0 = Debug|Win32
		{F8DC1D2D-EDF4-4949-BA12-80F8A652DC89}.Debug|x64.ActiveCfg = Debug|x64
		{F8DC1D2D-EDF4-4949-BA12-80F8A652DC89}.Debug|x64.Build.0 = Debug|x64
		{F8DC1D2D-EDF4-4949-BA12-80F8A652DC89}.Release|Win32.ActiveCfg = Release|Win32
		{F8DC1D2D-EDF4-4949-BA12-80F8A652DC89}.Release|Win32.Build.0 = Release|Win32
		{F8DC1D2D-EDF4-4949-BA12-80F8A652DC89}.Release|x64.ActiveCfg = Release|x64
		{F8DC1D2D-EDF4-4949-BA12-80F8A652DC89}.Release|x64.Build.0 = Release|x64
		{6D545E59-6771-4434-9919-58C356610D54}.Debug|Win32.ActiveCfg = Debug|Win32
		{6D545E59-6771-4434-9919-58C356610D54}.Debug|Win32.Build.0 = Debug|Win32
		{6D545E59-6771-4434-9919-58C356610D54}.Debug|x64.ActiveCfg = Debug|x64
		{6D545E59-6771-4434-9919-58C356610D54}.Debug|x64.Build.0 = Debug|x64
		{6D545E59-6771-4434-9919-58C356610D54}.Release|Win32.ActiveCfg = Release|Win32
		{6D545E59-6771-4434-9919-58C356610D54}.Release|Win32.Build.0 = Release|Win32
		{6D545E59-6771-4434-9919-58C356610D54}.Release|x64.ActiveCfg = Release|x64
		{6D545E59-6771-4434-9919-58C356610D54}.Release|x64.Build.0 = Release|x64
		{7A5EAAD7-89F1-43C7-A5B4-1AC4FFECA75D}.Debug|Win32.ActiveCfg = Debug|Win32
		{7A5EAAD7-89F1-43C7-A5B4-1AC4FFECA75D}.Debug|Win32.Build.0 = Debug|Win32
		{7A5EAAD7-89F1-43C7-A5B4-1AC4FFECA75D}.Debug|x64.ActiveCfg = Debug|x64
		{7A5EAAD7-89F1-43C7-A5B4-1AC4FFECA75D}.Debug|x64.Build.0 = Debug|x64
		{7A5EAAD7-89F1-43C7-A5B4-1AC4FFECA75D}.Release|Win32.ActiveCfg = Release|Win32
		{7A5EAAD7-89F1-43C7-A5B4-1AC4FFECA75D}.Release|Win32.Build.0 = Release|Win32
		{7A5EAAD7-89F1-43C7-A5B4-1AC4FFECA75D}.Release|x64.ActiveCfg = Release|x64
		{7A5EAAD7-89F1-43C7-A5B4-1AC4FFECA75D}.Release|x64.Build.0 = Release|x64
		{47AFF5C0-D11A-428C-9462-94938CFA6564}.Debug|Win32.ActiveCfg = Debug|Win32
		{47AFF5C0-D11A-428C-9462-94938CFA6564}.Debug|Win32.Build.0 = Debug|Win32
		{47AFF5C0-D11A-428C-9462-94938CFA6564}.Debug|x64.ActiveCfg = Debug|x64
		{47AFF5C0-D11A-428C-9462-94938CFA6564}.Debug|x64.Build.0 = Debug|x64
		{47AFF5C0-D11A-428C-9462-94938CFA6564}.Release|Win32.ActiveCfg = Release|Win32
		{47AFF5C0-D11A-428C-9462-94938CFA6564}.Release|Win32.Build.0 = Release|Win32
		{47AFF5C0-D11A-428C-9462-94938CFA6564}.Release|x64.ActiveCfg = Release|x64
		{47AFF5C0-D11A-428C-9462-94938CFA6564}.Release|x64.Build.0 = Release|x64
		{7BA6F903-7248-467B-B171-843BBA603AE0}.Debug|Win32.ActiveCfg = Debug|Win32
		{7BA6F903-7248-467B-B171-843BBA603AE0}.Debug|Win32.Build.0 = Debug|Win32
		{7BA6F903-7248-467B-B171-843BBA603AE0}.Debug|x64.ActiveCfg = Debug|x64
		{7BA6F903-7248-467B-B171-843BBA603AE0}.Debug|x64.Build.0 = Debug|x64
		{7BA6F903-7248-467B-B171-843BBA603AE0}.Release|Win32.ActiveCfg = Release|Win32
		{7BA6F903-7248-467B-B171-843BBA603AE0}.Release|Win32.Build.0 = Release|Win32
		{7BA6F903-7248-467B-B171-843BBA603AE0}.Release|x64.ActiveCfg = Release|x64
		{7BA6F903-7248-467B-B171-843BBA603AE0}.Release|x64.Build.0 = Release|x64
		{8A40F4E7-7350-4693-8346-2B706CC061E2}.Debug|Win32.ActiveCfg = Debug|Win32
		{8A40F4E7-7350-4693-8346-2B706CC061E2}.Debug|Win32.Build.0 = Debug|Win32
		{8A40F4E7-7350-4693-8346-2B706CC061E2}.Debug|x64.ActiveCfg = Debug|x64
		{8A40F4E7-7350-4693-8346-2B706CC061E2}.Debug|x64.Build.0 = Debug|x64
		{8A40F4E7-7350-4693-8346-2B706CC061E2}.Release|Win32.ActiveCfg = Release|Win32
		{8A40F4E7-7350-4693-8346-2B706CC061E2}.Release|Win32.Build.0 = Release|Win32
		{8A40F4E7-7350-4693-8346-2B706CC061E2}.Release|x64.ActiveCfg = Release|x64
		{8A40F4E7-7350-4693-8346-2B706CC061E2}.Release|x64.Build.0 = Release|x64
		{15E02772-7B7A-4EC0-B029-B44A07C16632}.Debug|Win32.ActiveCfg = Debug|Win32
		{15E02772-7B7A-4EC0-B029-B44A07C16632}.Debug|Win32.Build.0 = Debug|Win32
		{15E02772-7B7A-4EC0-B029-B44A07C16632}.Debug|x64.ActiveCfg = Debug|x64
		{15E02772-7B7A-4EC0-B029-B44A07C16632}.Debug|x64.Build.0 = Debug|x64
		{15E02772-7B7A-4EC0-B029-B44A07C16632}.Release|Win32.ActiveCfg = Release|Win32
		{15E02772-7B7A-4EC0-B029-B44A07C16632}.Release|Win32.Build.0 = Release|Win32
		{15E02772-7B7A-4EC0-B029-B44A07C16632}.Release|x64.ActiveCfg = Release|x64
		{15E02772-7B7A-4EC0-B029-B44A07C16632}.Release|x64.Build.0 = Release|x64
		{2B692BE6-3355-488B-94F3-1BC09AA2E28F}.Debug|Win32.ActiveCfg = Debug|Win32
		{2B692BE6-3355-488B-94F3-1BC09AA2E28F}.Debug|Win32.Build.0 = Debug|Win32
		{2B692BE6-3355-488B-94F3-1BC09AA2E28F}.Debug|x64.ActiveCfg = Debug|x64
		{2B692BE6-3355-488B-94F3-1BC09AA2E28F}.Debug|x64.Build.0 = Debug|x64
		{2B692BE6-3355-488B-94F3-1BC09AA2E28F}.Release|Win32.ActiveCfg = Release|Win32
		{2B692BE6-3355-488B-94F3-1BC09AA2E28F}.Release|Win32.Build.0 = Release|Win32
		{2B692BE6-3355-488B-94F3-1BC09AA2E28F}.Release|x64.ActiveCfg = Release|x64
		{2B692BE6-3355-488B-94F3-1BC09AA2E28F}.Release|x64.Build.0 = Release|x64
	EndGlobalSection
	GlobalSection(SolutionProperties) = preSolution
		HideSolutionNode = FALSE
	EndGlobalSection
EndGlobal
