<?xml version="1.0" encoding="utf-8"?>
<Project ToolsVersion="4.0" xmlns="http://schemas.microsoft.com/developer/msbuild/2003">
  <ItemGroup>
    <Filter Include="Source">
      <UniqueIdentifier>{d0ccbd7d-e1c2-4fdc-a95b-fd2a8e60ed25}</UniqueIdentifier>
    </Filter>
  </ItemGroup>
  <ItemGroup>
    <ClCompile Include="Source\Vector2Tests.cpp">
      <Filter>Source</Filter>
    </ClCompile>
    <ClCompile Include="Source\Vector3Tests.cpp">
      <Filter>Source</Filter>
    </ClCompile>
    <ClCompile Include="Source\Vector4Tests.cpp">
      <Filter>Source</Filter>
    </ClCompile>
    <ClCompile Include="Source\QuaternionTests.cpp">
      <Filter>Source</Filter>
    </ClCompile>
    <ClCompile Include="Source\AngleTests.cpp">
      <Filter>Source</Filter>
    </ClCompile>
    <ClCompile Include="Source\AnyTests.cpp">
      <Filter>Source</Filter>
    </ClCompile>
    <ClCompile Include="Source\Matrix4Tests.cpp">
      <Filter>Source</Filter>
    </ClCompile>
    <ClCompile Include="Source\EncodingTests.cpp">
      <Filter>Source</Filter>
    </ClCompile>
    <ClCompile Include="Source\EventTests.cpp">
      <Filter>Source</Filter>
    </ClCompile>
    <ClCompile Include="Source\FormatTests.cpp">
      <Filter>Source</Filter>
    </ClCompile>
    <ClCompile Include="Source\FrustumTests.cpp">
      <Filter>Source</Filter>
    </ClCompile>
    <ClCompile Include="Source\JsonTests.cpp">
      <Filter>Source</Filter>
    </ClCompile>
    <ClCompile Include="Source\MeshReaderTests.cpp">
      <Filter>Source</Filter>
    </ClCompile>
    <ClCompile Include="Source\MeshTests.cpp">
      <Filter>Source</Filter>
    </ClCompile>
    <ClCompile Include="Source\PathTests.cpp">
      <Filter>Source</Filter>
    </ClCompile>
    <ClCompile Include="Source\PlaneTests.cpp">
      <Filter>Source</Filter>
    </ClCompile>
    <ClCompile Include="Source\StreamTests.cpp">
      <Filter>Source</Filter>
    </ClCompile>
    <ClCompile Include="Source\TaskPoolTests.cpp">
      <Filter>Source</Filter>
    </ClCompile>
    <ClCompile Include="Source\TimeSpanTests.cpp">
      <Filter>Source</Filter>
    </ClCompile>
    <ClCompile Include="Source\VertexAttributeTests.cpp">
      <Filter>Source</Filter>
    </ClCompile>
    <ClCompile Include="Source\VertexLayoutTests.cpp">
      <Filter>Source</Filter>
    </ClCompile>
    <ClCompile Include="Source\Main.cpp">
      <Filter>Source</Filter>
    </ClCompile>
    <ClCompile Include="Source\FileSystemTests.cpp">
      <Filter>Source</Filter>
    </ClCompile>
    <ClCompile Include="Source\WorldTests.cpp">
      <Filter>Source</Filter>
    </ClCompile>
  </ItemGroup>
</Project>