<?xml version="1.0" encoding="utf-8"?>
<Project ToolsVersion="4.0" xmlns="http://schemas.microsoft.com/developer/msbuild/2003">
  <ItemGroup>
    <Filter Include="Source Files">
      <UniqueIdentifier>{4FC737F1-C7A5-4376-A066-2A32D752A2FF}</UniqueIdentifier>
      <Extensions>cpp;c;cc;cxx;def;odl;idl;hpj;bat;asm;asmx</Extensions>
    </Filter>
    <Filter Include="Header Files">
      <UniqueIdentifier>{93995380-89BD-4b04-88EB-625FBE52EBFB}</UniqueIdentifier>
      <Extensions>h;hpp;hxx;hm;inl;inc;xsd</Extensions>
    </Filter>
    <Filter Include="Resource Files">
      <UniqueIdentifier>{67DA6AB6-F800-4c08-8B7A-83BB121AAD01}</UniqueIdentifier>
      <Extensions>rc;ico;cur;bmp;dlg;rc2;rct;bin;rgs;gif;jpg;jpeg;jpe;resx;tiff;tif;png;wav;mfcribbon-ms</Extensions>
    </Filter>
  </ItemGroup>
  <ItemGroup>
    <ClCompile Include="Source\archivers\dir.c">
      <Filter>Source Files</Filter>
    </ClCompile>
    <ClCompile Include="Source\archivers\grp.c">
      <Filter>Source Files</Filter>
    </ClCompile>
    <ClCompile Include="Source\archivers\hog.c">
      <Filter>Source Files</Filter>
    </ClCompile>
    <ClCompile Include="Source\archivers\lzma.c">
      <Filter>Source Files</Filter>
    </ClCompile>
    <ClCompile Include="Source\archivers\mvl.c">
      <Filter>Source Files</Filter>
    </ClCompile>
    <ClCompile Include="Source\archivers\qpak.c">
      <Filter>Source Files</Filter>
    </ClCompile>
    <ClCompile Include="Source\archivers\wad.c">
      <Filter>Source Files</Filter>
    </ClCompile>
    <ClCompile Include="Source\archivers\zip.c">
      <Filter>Source Files</Filter>
    </ClCompile>
    <ClCompile Include="Source\platform\windows.c">
      <Filter>Source Files</Filter>
    </ClCompile>
    <ClCompile Include="Source\zlib123\adler32.c">
      <Filter>Source Files</Filter>
    </ClCompile>
    <ClCompile Include="Source\zlib123\compress.c">
      <Filter>Source Files</Filter>
    </ClCompile>
    <ClCompile Include="Source\zlib123\crc32.c">
      <Filter>Source Files</Filter>
    </ClCompile>
    <ClCompile Include="Source\zlib123\deflate.c">
      <Filter>Source Files</Filter>
    </ClCompile>
    <ClCompile Include="Source\zlib123\gzio.c">
      <Filter>Source Files</Filter>
    </ClCompile>
    <ClCompile Include="Source\zlib123\infback.c">
      <Filter>Source Files</Filter>
    </ClCompile>
    <ClCompile Include="Source\zlib123\inffast.c">
      <Filter>Source Files</Filter>
    </ClCompile>
    <ClCompile Include="Source\zlib123\inflate.c">
      <Filter>Source Files</Filter>
    </ClCompile>
    <ClCompile Include="Source\zlib123\inftrees.c">
      <Filter>Source Files</Filter>
    </ClCompile>
    <ClCompile Include="Source\zlib123\trees.c">
      <Filter>Source Files</Filter>
    </ClCompile>
    <ClCompile Include="Source\zlib123\uncompr.c">
      <Filter>Source Files</Filter>
    </ClCompile>
    <ClCompile Include="Source\zlib123\zutil.c">
      <Filter>Source Files</Filter>
    </ClCompile>
    <ClCompile Include="Source\physfs.c">
      <Filter>Source Files</Filter>
    </ClCompile>
    <ClCompile Include="Source\physfs_byteorder.c">
      <Filter>Source Files</Filter>
    </ClCompile>
    <ClCompile Include="Source\physfs_unicode.c">
      <Filter>Source Files</Filter>
    </ClCompile>
  </ItemGroup>
  <ItemGroup>
    <ClInclude Include="Source\zlib123\crc32.h">
      <Filter>Header Files</Filter>
    </ClInclude>
    <ClInclude Include="Source\zlib123\deflate.h">
      <Filter>Header Files</Filter>
    </ClInclude>
    <ClInclude Include="Source\zlib123\inffast.h">
      <Filter>Header Files</Filter>
    </ClInclude>
    <ClInclude Include="Source\zlib123\inffixed.h">
      <Filter>Header Files</Filter>
    </ClInclude>
    <ClInclude Include="Source\zlib123\inflate.h">
      <Filter>Header Files</Filter>
    </ClInclude>
    <ClInclude Include="Source\zlib123\inftrees.h">
      <Filter>Header Files</Filter>
    </ClInclude>
    <ClInclude Include="Source\zlib123\trees.h">
      <Filter>Header Files</Filter>
    </ClInclude>
    <ClInclude Include="Source\zlib123\zconf.h">
      <Filter>Header Files</Filter>
    </ClInclude>
    <ClInclude Include="Source\zlib123\zlib.h">
      <Filter>Header Files</Filter>
    </ClInclude>
    <ClInclude Include="Source\zlib123\zutil.h">
      <Filter>Header Files</Filter>
    </ClInclude>
    <ClInclude Include="Source\physfs.h">
      <Filter>Header Files</Filter>
    </ClInclude>
    <ClInclude Include="Source\physfs_casefolding.h">
      <Filter>Header Files</Filter>
    </ClInclude>
    <ClInclude Include="Source\physfs_internal.h">
      <Filter>Header Files</Filter>
    </ClInclude>
    <ClInclude Include="Source\physfs_platforms.h">
      <Filter>Header Files</Filter>
    </ClInclude>
  </ItemGroup>
</Project>