<?xml version="1.0" encoding="utf-8"?>
<Project ToolsVersion="4.0" xmlns="http://schemas.microsoft.com/developer/msbuild/2003">
  <ItemGroup>
    <ClInclude Include="Source\AngleTests.h">
      <Filter>Source</Filter>
    </ClInclude>
    <ClInclude Include="Source\AnyTests.h">
      <Filter>Source</Filter>
    </ClInclude>
    <ClInclude Include="Source\DataValueTests.h">
      <Filter>Source</Filter>
    </ClInclude>
    <ClInclude Include="Source\FormatTests.h">
      <Filter>Source</Filter>
    </ClInclude>
    <ClInclude Include="Source\FrustumTests.h">
      <Filter>Source</Filter>
    </ClInclude>
    <ClInclude Include="Source\Matrix4Tests.h">
      <Filter>Source</Filter>
    </ClInclude>
    <ClInclude Include="Source\MemoryStreamTests.h">
      <Filter>Source</Filter>
    </ClInclude>
    <ClInclude Include="Source\MeshTests.h">
      <Filter>Source</Filter>
    </ClInclude>
    <ClInclude Include="Source\PathTests.h">
      <Filter>Source</Filter>
    </ClInclude>
    <ClInclude Include="Source\PlaneTests.h">
      <Filter>Source</Filter>
    </ClInclude>
    <ClInclude Include="Source\QuaternionTests.h">
      <Filter>Source</Filter>
    </ClInclude>
    <ClInclude Include="Source\TimeSpanTests.h">
      <Filter>Source</Filter>
    </ClInclude>
    <ClInclude Include="Source\Vector2Tests.h">
      <Filter>Source</Filter>
    </ClInclude>
    <ClInclude Include="Source\Vector3Tests.h">
      <Filter>Source</Filter>
    </ClInclude>
    <ClInclude Include="Source\Vector4Tests.h">
      <Filter>Source</Filter>
    </ClInclude>
    <ClInclude Include="Source\VertexAttributeTests.h">
      <Filter>Source</Filter>
    </ClInclude>
    <ClInclude Include="Source\VertexLayoutTests.h">
      <Filter>Source</Filter>
    </ClInclude>
    <ClInclude Include="Source\AssetCacheTests.h">
      <Filter>Source</Filter>
    </ClInclude>
    <ClInclude Include="Source\FileSystemTests.h">
      <Filter>Source</Filter>
    </ClInclude>
    <ClInclude Include="Source\NetworkTests.h">
      <Filter>Source</Filter>
    </ClInclude>
    <ClInclude Include="Source\TaskPoolTests.h">
      <Filter>Source</Filter>
    </ClInclude>
    <ClInclude Include="Source\MeshDataFormatTests.h">
      <Filter>Source</Filter>
    </ClInclude>
    <ClInclude Include="Source\MaterialDataFormatTests.h">
      <Filter>Source</Filter>
    </ClInclude>
    <ClInclude Include="Source\SceneTests.h">
      <Filter>Source</Filter>
    </ClInclude>
    <ClInclude Include="Source\EntityTests.h">
      <Filter>Source</Filter>
    </ClInclude>
    <ClInclude Include="Source\DataValueJsonFormatTests.h">
      <Filter>Source</Filter>
    </ClInclude>
    <ClInclude Include="Source\MeshWriterTests.h">
      <Filter>Source</Filter>
    </ClInclude>
    <ClInclude Include="Source\MeshReaderTests.h">
      <Filter>Source</Filter>
    </ClInclude>
    <ClInclude Include="Source\DataReaderWriterTests.h">
      <Filter>Source</Filter>
    </ClInclude>
    <ClInclude Include="Source\EventTests.h">
      <Filter>Source</Filter>
    </ClInclude>
  </ItemGroup>
  <ItemGroup>
    <Filter Include="Source">
      <UniqueIdentifier>{827a7808-2ed1-4837-a9ee-329bb5cd40a3}</UniqueIdentifier>
      <Extensions>
      </Extensions>
    </Filter>
  </ItemGroup>
  <ItemGroup>
    <ClCompile Include="Source\Main.cpp">
      <Filter>Source</Filter>
    </ClCompile>
  </ItemGroup>
</Project>