<?xml version="1.0" encoding="utf-8"?>
<Project ToolsVersion="4.0" xmlns="http://schemas.microsoft.com/developer/msbuild/2003">
  <ItemGroup>
    <Filter Include="Source">
      <UniqueIdentifier>{4FC737F1-C7A5-4376-A066-2A32D752A2FF}</UniqueIdentifier>
      <Extensions>
      </Extensions>
    </Filter>
    <Filter Include="Source\Components">
      <UniqueIdentifier>{c45f72b0-9d30-46aa-9c34-e3ee49b9adcf}</UniqueIdentifier>
    </Filter>
    <Filter Include="Source\Systems">
      <UniqueIdentifier>{ceac3003-9a89-4e7f-b5c1-f273847efd42}</UniqueIdentifier>
    </Filter>
  </ItemGroup>
  <ItemGroup>
    <ClCompile Include="Source\Cubes.cpp">
      <Filter>Source</Filter>
    </ClCompile>
    <ClCompile Include="Source\MainLogicLayer.cpp">
      <Filter>Source</Filter>
    </ClCompile>
    <ClCompile Include="Source\Systems\PlayerCameraSystem.cpp">
      <Filter>Source\Systems</Filter>
    </ClCompile>
  </ItemGroup>
  <ItemGroup>
    <ClInclude Include="Source\MainLogicLayer.h">
      <Filter>Source</Filter>
    </ClInclude>
    <ClInclude Include="Source\Systems\PlayerCameraSystem.h">
      <Filter>Source\Systems</Filter>
    </ClInclude>
    <ClInclude Include="Source\Components\PlayerCamera.h">
      <Filter>Source\Components</Filter>
    </ClInclude>
  </ItemGroup>
</Project>